// !$*UTF8*$!
{
	archiveVersion = 1;
	classes = {
	};
	objectVersion = 77;
	objects = {

/* Begin PBXBuildFile section */
		001EF5D53BCF2C83D3501958 /* CaptureEngine.swift in Sources */ = {isa = PBXBuildFile; fileRef = D6860DD68D57474925CD8BBC /* CaptureEngine.swift */; };
		017398BD9210842B9E055B7C /* CameraToggleView.swift in Sources */ = {isa = PBXBuildFile; fileRef = B0BF5C91BD80504906F30C71 /* CameraToggleView.swift */; };
		01C74947F64F5402D7B2A5D3 /* CaptureSettingsTests.swift in Sources */ = {isa = PBXBuildFile; fileRef = 967DED7DAEE7D665444FD5F4 /* CaptureSettingsTests.swift */; };
		0450C81881069218B371651E /* FakeHeartbeat.swift in Sources */ = {isa = PBXBuildFile; fileRef = 545E09B473D0AF0F565CDAA8 /* FakeHeartbeat.swift */; };
		0736BA310B0504D865A54525 /* FakeHeartbeatEngine.swift in Sources */ = {isa = PBXBuildFile; fileRef = 2E5E618DC9564C734E689815 /* FakeHeartbeatEngine.swift */; };
		089A91E9009E5A4913287F2D /* LibrarySaverTests.swift in Sources */ = {isa = PBXBuildFile; fileRef = A1636ED99F85551B4E38B1BF /* LibrarySaverTests.swift */; };
		0DE4EA04828932FD4F1DFB4C /* FileManagerStorageTests.swift in Sources */ = {isa = PBXBuildFile; fileRef = 3AD489A536485C4F1AC65CD1 /* FileManagerStorageTests.swift */; };
		0DEAF77142029E86A8D7EA78 /* SessionHeartTests.swift in Sources */ = {isa = PBXBuildFile; fileRef = D6472FBC5A664B01F9B2D5D4 /* SessionHeartTests.swift */; };
		0FB9EF9B32D3869F09E1A892 /* DemoSessionTests.swift in Sources */ = {isa = PBXBuildFile; fileRef = 9831175F3878A45DA5EF3CF6 /* DemoSessionTests.swift */; };
		147C1BE8E83C057819AA76F4 /* SessionPhase.swift in Sources */ = {isa = PBXBuildFile; fileRef = F9F2BD2E5F6B9659C948C27A /* SessionPhase.swift */; };
		1894BE47C309285EBC4EED2E /* PhotoScorer.swift in Sources */ = {isa = PBXBuildFile; fileRef = F2A7B923ADAF770503E76D35 /* PhotoScorer.swift */; };
		1C58677206F53E83DAF8B4E1 /* ResumeOnceTests.swift in Sources */ = {isa = PBXBuildFile; fileRef = 333ECF66756ECD214B934AD9 /* ResumeOnceTests.swift */; };
		2412EA93152CEE30F73F4132 /* DemoSession.swift in Sources */ = {isa = PBXBuildFile; fileRef = 58F7D929A5BDAD89D5F73614 /* DemoSession.swift */; };
		25CD047AC6F0CE97891DBE6A /* HomeScreen.swift in Sources */ = {isa = PBXBuildFile; fileRef = 45F88A0D2E5D6E0601CA4012 /* HomeScreen.swift */; };
		26036F83068A8D247CC40DB7 /* DateMoonTests.swift in Sources */ = {isa = PBXBuildFile; fileRef = 10EF511BB834D317873E458E /* DateMoonTests.swift */; };
		293B137FC6568B415A7143F3 /* HomeReveal.swift in Sources */ = {isa = PBXBuildFile; fileRef = 78A0877834E368FB8A6551DA /* HomeReveal.swift */; };
		2B71E5D25B6F941CDD419D6F /* HapticHeartbeatServiceTests.swift in Sources */ = {isa = PBXBuildFile; fileRef = 438F5F76D84F93DE366CF948 /* HapticHeartbeatServiceTests.swift */; };
		2C60AADB36B2D39D368763D5 /* LensZoomTests.swift in Sources */ = {isa = PBXBuildFile; fileRef = 5962EA1CF68453FFFD3D58AE /* LensZoomTests.swift */; };
		2E909278A687895BAC4FACCA /* Date+Moon.swift in Sources */ = {isa = PBXBuildFile; fileRef = 5DB6590390B6FA1EB4938EC7 /* Date+Moon.swift */; };
		33B66294CDCF45EC4D97157D /* TestDefaults.swift in Sources */ = {isa = PBXBuildFile; fileRef = 36EF739F7BC379067BC24CB9 /* TestDefaults.swift */; };
		3670994F80DE29345B18DB53 /* Motion.swift in Sources */ = {isa = PBXBuildFile; fileRef = 5BA18A9B9E581ED02771E500 /* Motion.swift */; };
		3F9B8022DBE086279374A2B7 /* IntervalPickerGeometry.swift in Sources */ = {isa = PBXBuildFile; fileRef = 76132711E105573BC940DA87 /* IntervalPickerGeometry.swift */; };
		3FCB63F98B87439B234F2333 /* SessionStore.swift in Sources */ = {isa = PBXBuildFile; fileRef = 1A5B6A3E6CA82BA60696DEE1 /* SessionStore.swift */; };
		41815CE2BCC2398699043B6A /* CaptureConfigurationTests.swift in Sources */ = {isa = PBXBuildFile; fileRef = 1513F86DD2B0EB31C7CE6C8F /* CaptureConfigurationTests.swift */; };
		4517308384C418078D476E2F /* UIImage+AverageColor.swift in Sources */ = {isa = PBXBuildFile; fileRef = E87CE32581D78126FDF30A3F /* UIImage+AverageColor.swift */; };
		46E16E91C3929CA390F489F3 /* SessionAnnouncements.swift in Sources */ = {isa = PBXBuildFile; fileRef = EC27366208D794321B7F30B5 /* SessionAnnouncements.swift */; };
		4978FF64C3614910DFF5A83F /* IntervalPickerGeometryTests.swift in Sources */ = {isa = PBXBuildFile; fileRef = 5E683723FFEC7A2B2BBB77EA /* IntervalPickerGeometryTests.swift */; };
		4ECE2413EE2B7314CCC0606B /* UIImage+Brightness.swift in Sources */ = {isa = PBXBuildFile; fileRef = ACAFEAED940FE7703A47FED3 /* UIImage+Brightness.swift */; };
		588BBAF426840010102614C7 /* SessionStoreTests.swift in Sources */ = {isa = PBXBuildFile; fileRef = 7703583FDF6B52D3DD3BF145 /* SessionStoreTests.swift */; };
		589CE4896F619C804FABF325 /* FakeProximitySource.swift in Sources */ = {isa = PBXBuildFile; fileRef = 6D94BF7B2439B9FF1F518DD0 /* FakeProximitySource.swift */; };
		58D25B774122801D1DEFDD6D /* ProximityMonitorTests.swift in Sources */ = {isa = PBXBuildFile; fileRef = 79E90E01A0115B9D7F5F3E83 /* ProximityMonitorTests.swift */; };
		59939ECB7BA5C2D0F1407C19 /* LibrarySaver.swift in Sources */ = {isa = PBXBuildFile; fileRef = 2198256E48F96174FC3C772F /* LibrarySaver.swift */; };
		5D8E8A64091F7C90B56CCB4D /* HeartAnchorKey.swift in Sources */ = {isa = PBXBuildFile; fileRef = E7AB8C67A6E41C4E1D84F6B3 /* HeartAnchorKey.swift */; };
		60E44C2D221371DB5687EAD0 /* CaptureScreen.swift in Sources */ = {isa = PBXBuildFile; fileRef = 6938C587B7D3350F551DE87F /* CaptureScreen.swift */; };
		62ECAB43A20113F203A53727 /* HomeRevealTests.swift in Sources */ = {isa = PBXBuildFile; fileRef = ECF2C3DBBB9DDCBCCD2DDBA9 /* HomeRevealTests.swift */; };
		6F74648EABD15BDB4BAC09EA /* CaptureDimensionsTests.swift in Sources */ = {isa = PBXBuildFile; fileRef = 44EFA420340011B8BAF055AB /* CaptureDimensionsTests.swift */; };
		74AB22F16FD6DF7775D0FE63 /* TumbleAnimationView.swift in Sources */ = {isa = PBXBuildFile; fileRef = 07D01C68ADC7986D76FDF18F /* TumbleAnimationView.swift */; };
		7EF838603495BE11962FF6C4 /* FanLayout.swift in Sources */ = {isa = PBXBuildFile; fileRef = F298B3984B8930C30D3F4CEF /* FanLayout.swift */; };
		809E9B8EE97278CB02986330 /* ScrubWheelMathTests.swift in Sources */ = {isa = PBXBuildFile; fileRef = C52D8385EF3DFE4D3D93C583 /* ScrubWheelMathTests.swift */; };
		93B37D063BF136158AE4F803 /* CurationPolicy.swift in Sources */ = {isa = PBXBuildFile; fileRef = F16ECD2DB4C2CB4C64C9AD20 /* CurationPolicy.swift */; };
		9A0457F6ACC2463ECDA7C150 /* TrueframeApp.swift in Sources */ = {isa = PBXBuildFile; fileRef = 5D24D0B6CDE8D7034FB135A6 /* TrueframeApp.swift */; };
		9BA85CB6DEADCBA32C5E7AC5 /* FakePhotoSaver.swift in Sources */ = {isa = PBXBuildFile; fileRef = 8A5043442FD9A062B45F8530 /* FakePhotoSaver.swift */; };
		9D24043D34428CA446EF0922 /* SessionCoordinator.swift in Sources */ = {isa = PBXBuildFile; fileRef = 2A98485809891BEEBBB93F17 /* SessionCoordinator.swift */; };
		A025C30125B75351A5BA5598 /* FlashStyleTests.swift in Sources */ = {isa = PBXBuildFile; fileRef = 37F958C41AB1A3296B915DE7 /* FlashStyleTests.swift */; };
		A5BF99229DC03CA99403EA4B /* CaptureSessionIntent.swift in Sources */ = {isa = PBXBuildFile; fileRef = 0A6C69B1A8DC64557468C4F8 /* CaptureSessionIntent.swift */; };
		B8DACFA7FA6CE8B166F687F3 /* FanLayoutTests.swift in Sources */ = {isa = PBXBuildFile; fileRef = C75176A58602B5DAF0EC3A25 /* FanLayoutTests.swift */; };
		BC2DDE063A397E341C21E3D0 /* HeartbeatKeyframesTests.swift in Sources */ = {isa = PBXBuildFile; fileRef = DDC12EB417B1FFD0D052E692 /* HeartbeatKeyframesTests.swift */; };
		BC38A293B472FC0BD3DEC736 /* CurationPolicyTests.swift in Sources */ = {isa = PBXBuildFile; fileRef = 736E0C47626F1423B573EC1B /* CurationPolicyTests.swift */; };
		BC628E019D4B728B34526ABD /* CaptureConfiguration.swift in Sources */ = {isa = PBXBuildFile; fileRef = E631B6D2C08F9571E5435EE2 /* CaptureConfiguration.swift */; };
		BC8114FDE2DE9B40A44214CF /* HapticHeartbeatService.swift in Sources */ = {isa = PBXBuildFile; fileRef = B02F74899A1AF7DA7E810C60 /* HapticHeartbeatService.swift */; };
		BCAE8AA2A888F6E4BBF2786E /* BurstFieldTests.swift in Sources */ = {isa = PBXBuildFile; fileRef = 47C980FA9E05A93C66F3B142 /* BurstFieldTests.swift */; };
		BD1F29C6C1AC39F422F6CBC2 /* StillnessReadingTests.swift in Sources */ = {isa = PBXBuildFile; fileRef = F4A3FC5F1A7E749F97006E89 /* StillnessReadingTests.swift */; };
		C06EFB4148C55BE1B3516172 /* CaptureSettings.swift in Sources */ = {isa = PBXBuildFile; fileRef = 5344BBBE80F986A9F3D63E43 /* CaptureSettings.swift */; };
		C2DB682D85E418690860CE81 /* SessionAnnouncementsTests.swift in Sources */ = {isa = PBXBuildFile; fileRef = 030066BC63817C28348AB22D /* SessionAnnouncementsTests.swift */; };
		C68F84FFC2BFEC55B03ED7AB /* UIImageExtensionTests.swift in Sources */ = {isa = PBXBuildFile; fileRef = 286F2D7D1BF19F84423A105A /* UIImageExtensionTests.swift */; };
		C8A5C339ED1BC22C276A1AA4 /* CameraSelectionSettingsTests.swift in Sources */ = {isa = PBXBuildFile; fileRef = EF6BD3D2C74662E0011CB0F5 /* CameraSelectionSettingsTests.swift */; };
		CB78DFC72929020234E68155 /* HeartbeatRestartGateTests.swift in Sources */ = {isa = PBXBuildFile; fileRef = 6C48A66E9594DDFFE8D43865 /* HeartbeatRestartGateTests.swift */; };
		D04C96955C4B746ECE670154 /* SessionCoordinatorTests.swift in Sources */ = {isa = PBXBuildFile; fileRef = C7F2AB331548FEEECD2A816A /* SessionCoordinatorTests.swift */; };
		D819143F1A50CBA4F3956B12 /* FileManager+Storage.swift in Sources */ = {isa = PBXBuildFile; fileRef = 5A1ABFA2A033B55B654335E9 /* FileManager+Storage.swift */; };
		D8890F146F977EC3032E486E /* BurstField.swift in Sources */ = {isa = PBXBuildFile; fileRef = 5E57E8DAA75B00A4C810971D /* BurstField.swift */; };
		DA1636BF43ECD0B99B0C9638 /* FakePhotoScorer.swift in Sources */ = {isa = PBXBuildFile; fileRef = F1BC3D7F8F4C198859C63D8C /* FakePhotoScorer.swift */; };
		E143CF4B77CAB569D23A17DB /* HeartCollapse.swift in Sources */ = {isa = PBXBuildFile; fileRef = 56DC67BFE33F5B2826DD17DC /* HeartCollapse.swift */; };
		E9F408F15C66945131241349 /* SessionHeart.swift in Sources */ = {isa = PBXBuildFile; fileRef = C5C2C675E4497C415776E333 /* SessionHeart.swift */; };
		EA291AAF188900F4FE14F91B /* HeartCollapseTests.swift in Sources */ = {isa = PBXBuildFile; fileRef = 93ACA338DF5B0844C518A709 /* HeartCollapseTests.swift */; };
		EABA5493841228051E503A22 /* CameraSelectionSettings.swift in Sources */ = {isa = PBXBuildFile; fileRef = EAF5406BC81B3D659BA6B0BD /* CameraSelectionSettings.swift */; };
		F03F8F9A10A7BAEE4BA9219A /* HeartbeatKeyframes.swift in Sources */ = {isa = PBXBuildFile; fileRef = 537B55235F8ADC2B62C37EF8 /* HeartbeatKeyframes.swift */; };
		F1939C58019A584556275FE0 /* AppIcon.icon in Resources */ = {isa = PBXBuildFile; fileRef = 0FED3EB11210B600C96C8446 /* AppIcon.icon */; };
		F3E28ECDFF633943860653EE /* MotionMonitor.swift in Sources */ = {isa = PBXBuildFile; fileRef = 86BF79DABD7CCCD14CC1BC57 /* MotionMonitor.swift */; };
		F5A5AB96F9ADCD1755091E53 /* Assets.xcassets in Resources */ = {isa = PBXBuildFile; fileRef = E6E1348F14D88D6AC5B1D0F3 /* Assets.xcassets */; };
		F7587F20238B39596C6F4940 /* FakeCaptureEngine.swift in Sources */ = {isa = PBXBuildFile; fileRef = 495DBAFF257C67559AA64DB6 /* FakeCaptureEngine.swift */; };
		F80DF2BCC2FE81805808D7F1 /* ContentView.swift in Sources */ = {isa = PBXBuildFile; fileRef = 26E11CFC7989CC9FE802F815 /* ContentView.swift */; };
		FB9A04CFD3517AF64FDDB062 /* ResumeOnce.swift in Sources */ = {isa = PBXBuildFile; fileRef = E112E33CAB2545173D0F8359 /* ResumeOnce.swift */; };
		FF000310F833B640BB83C24C /* ScrubWheelMath.swift in Sources */ = {isa = PBXBuildFile; fileRef = B0AE5212288710F4116899A5 /* ScrubWheelMath.swift */; };
		FF838EFFE0F714485F006A4B /* ProximityMonitor.swift in Sources */ = {isa = PBXBuildFile; fileRef = D07B84C3F82081BC13B63269 /* ProximityMonitor.swift */; };
/* End PBXBuildFile section */

/* Begin PBXContainerItemProxy section */
		E8E1CE99581280C77A3D6F6C /* PBXContainerItemProxy */ = {
			isa = PBXContainerItemProxy;
			containerPortal = 0382C168A611CC61B3B18C69 /* Project object */;
			proxyType = 1;
			remoteGlobalIDString = B0815B62884BCFD9326D9181;
			remoteInfo = Trueframe;
		};
/* End PBXContainerItemProxy section */

/* Begin PBXFileReference section */
		030066BC63817C28348AB22D /* SessionAnnouncementsTests.swift */ = {isa = PBXFileReference; lastKnownFileType = sourcecode.swift; path = SessionAnnouncementsTests.swift; sourceTree = "<group>"; };
		07D01C68ADC7986D76FDF18F /* TumbleAnimationView.swift */ = {isa = PBXFileReference; lastKnownFileType = sourcecode.swift; path = TumbleAnimationView.swift; sourceTree = "<group>"; };
		0A6C69B1A8DC64557468C4F8 /* CaptureSessionIntent.swift */ = {isa = PBXFileReference; lastKnownFileType = sourcecode.swift; path = CaptureSessionIntent.swift; sourceTree = "<group>"; };
		0FED3EB11210B600C96C8446 /* AppIcon.icon */ = {isa = PBXFileReference; lastKnownFileType = wrapper.icon; path = AppIcon.icon; sourceTree = "<group>"; };
		10EF511BB834D317873E458E /* DateMoonTests.swift */ = {isa = PBXFileReference; lastKnownFileType = sourcecode.swift; path = DateMoonTests.swift; sourceTree = "<group>"; };
		1513F86DD2B0EB31C7CE6C8F /* CaptureConfigurationTests.swift */ = {isa = PBXFileReference; lastKnownFileType = sourcecode.swift; path = CaptureConfigurationTests.swift; sourceTree = "<group>"; };
		1A5B6A3E6CA82BA60696DEE1 /* SessionStore.swift */ = {isa = PBXFileReference; lastKnownFileType = sourcecode.swift; path = SessionStore.swift; sourceTree = "<group>"; };
		2198256E48F96174FC3C772F /* LibrarySaver.swift */ = {isa = PBXFileReference; lastKnownFileType = sourcecode.swift; path = LibrarySaver.swift; sourceTree = "<group>"; };
		26E11CFC7989CC9FE802F815 /* ContentView.swift */ = {isa = PBXFileReference; lastKnownFileType = sourcecode.swift; path = ContentView.swift; sourceTree = "<group>"; };
		286F2D7D1BF19F84423A105A /* UIImageExtensionTests.swift */ = {isa = PBXFileReference; lastKnownFileType = sourcecode.swift; path = UIImageExtensionTests.swift; sourceTree = "<group>"; };
		2A98485809891BEEBBB93F17 /* SessionCoordinator.swift */ = {isa = PBXFileReference; lastKnownFileType = sourcecode.swift; path = SessionCoordinator.swift; sourceTree = "<group>"; };
		2E5E618DC9564C734E689815 /* FakeHeartbeatEngine.swift */ = {isa = PBXFileReference; lastKnownFileType = sourcecode.swift; path = FakeHeartbeatEngine.swift; sourceTree = "<group>"; };
		333ECF66756ECD214B934AD9 /* ResumeOnceTests.swift */ = {isa = PBXFileReference; lastKnownFileType = sourcecode.swift; path = ResumeOnceTests.swift; sourceTree = "<group>"; };
		36EF739F7BC379067BC24CB9 /* TestDefaults.swift */ = {isa = PBXFileReference; lastKnownFileType = sourcecode.swift; path = TestDefaults.swift; sourceTree = "<group>"; };
		37F958C41AB1A3296B915DE7 /* FlashStyleTests.swift */ = {isa = PBXFileReference; lastKnownFileType = sourcecode.swift; path = FlashStyleTests.swift; sourceTree = "<group>"; };
		3AD489A536485C4F1AC65CD1 /* FileManagerStorageTests.swift */ = {isa = PBXFileReference; lastKnownFileType = sourcecode.swift; path = FileManagerStorageTests.swift; sourceTree = "<group>"; };
		438F5F76D84F93DE366CF948 /* HapticHeartbeatServiceTests.swift */ = {isa = PBXFileReference; lastKnownFileType = sourcecode.swift; path = HapticHeartbeatServiceTests.swift; sourceTree = "<group>"; };
		44EFA420340011B8BAF055AB /* CaptureDimensionsTests.swift */ = {isa = PBXFileReference; lastKnownFileType = sourcecode.swift; path = CaptureDimensionsTests.swift; sourceTree = "<group>"; };
		45F88A0D2E5D6E0601CA4012 /* HomeScreen.swift */ = {isa = PBXFileReference; lastKnownFileType = sourcecode.swift; path = HomeScreen.swift; sourceTree = "<group>"; };
		47C980FA9E05A93C66F3B142 /* BurstFieldTests.swift */ = {isa = PBXFileReference; lastKnownFileType = sourcecode.swift; path = BurstFieldTests.swift; sourceTree = "<group>"; };
		495DBAFF257C67559AA64DB6 /* FakeCaptureEngine.swift */ = {isa = PBXFileReference; lastKnownFileType = sourcecode.swift; path = FakeCaptureEngine.swift; sourceTree = "<group>"; };
		5344BBBE80F986A9F3D63E43 /* CaptureSettings.swift */ = {isa = PBXFileReference; lastKnownFileType = sourcecode.swift; path = CaptureSettings.swift; sourceTree = "<group>"; };
		537B55235F8ADC2B62C37EF8 /* HeartbeatKeyframes.swift */ = {isa = PBXFileReference; lastKnownFileType = sourcecode.swift; path = HeartbeatKeyframes.swift; sourceTree = "<group>"; };
		545E09B473D0AF0F565CDAA8 /* FakeHeartbeat.swift */ = {isa = PBXFileReference; lastKnownFileType = sourcecode.swift; path = FakeHeartbeat.swift; sourceTree = "<group>"; };
		56DC67BFE33F5B2826DD17DC /* HeartCollapse.swift */ = {isa = PBXFileReference; lastKnownFileType = sourcecode.swift; path = HeartCollapse.swift; sourceTree = "<group>"; };
		58F7D929A5BDAD89D5F73614 /* DemoSession.swift */ = {isa = PBXFileReference; lastKnownFileType = sourcecode.swift; path = DemoSession.swift; sourceTree = "<group>"; };
		5962EA1CF68453FFFD3D58AE /* LensZoomTests.swift */ = {isa = PBXFileReference; lastKnownFileType = sourcecode.swift; path = LensZoomTests.swift; sourceTree = "<group>"; };
		5A1ABFA2A033B55B654335E9 /* FileManager+Storage.swift */ = {isa = PBXFileReference; lastKnownFileType = sourcecode.swift; path = "FileManager+Storage.swift"; sourceTree = "<group>"; };
		5BA18A9B9E581ED02771E500 /* Motion.swift */ = {isa = PBXFileReference; lastKnownFileType = sourcecode.swift; path = Motion.swift; sourceTree = "<group>"; };
		5D24D0B6CDE8D7034FB135A6 /* TrueframeApp.swift */ = {isa = PBXFileReference; lastKnownFileType = sourcecode.swift; path = TrueframeApp.swift; sourceTree = "<group>"; };
		5DB6590390B6FA1EB4938EC7 /* Date+Moon.swift */ = {isa = PBXFileReference; lastKnownFileType = sourcecode.swift; path = "Date+Moon.swift"; sourceTree = "<group>"; };
		5E57E8DAA75B00A4C810971D /* BurstField.swift */ = {isa = PBXFileReference; lastKnownFileType = sourcecode.swift; path = BurstField.swift; sourceTree = "<group>"; };
		5E683723FFEC7A2B2BBB77EA /* IntervalPickerGeometryTests.swift */ = {isa = PBXFileReference; lastKnownFileType = sourcecode.swift; path = IntervalPickerGeometryTests.swift; sourceTree = "<group>"; };
		6938C587B7D3350F551DE87F /* CaptureScreen.swift */ = {isa = PBXFileReference; lastKnownFileType = sourcecode.swift; path = CaptureScreen.swift; sourceTree = "<group>"; };
		6C48A66E9594DDFFE8D43865 /* HeartbeatRestartGateTests.swift */ = {isa = PBXFileReference; lastKnownFileType = sourcecode.swift; path = HeartbeatRestartGateTests.swift; sourceTree = "<group>"; };
		6D94BF7B2439B9FF1F518DD0 /* FakeProximitySource.swift */ = {isa = PBXFileReference; lastKnownFileType = sourcecode.swift; path = FakeProximitySource.swift; sourceTree = "<group>"; };
		736E0C47626F1423B573EC1B /* CurationPolicyTests.swift */ = {isa = PBXFileReference; lastKnownFileType = sourcecode.swift; path = CurationPolicyTests.swift; sourceTree = "<group>"; };
		76132711E105573BC940DA87 /* IntervalPickerGeometry.swift */ = {isa = PBXFileReference; lastKnownFileType = sourcecode.swift; path = IntervalPickerGeometry.swift; sourceTree = "<group>"; };
		7703583FDF6B52D3DD3BF145 /* SessionStoreTests.swift */ = {isa = PBXFileReference; lastKnownFileType = sourcecode.swift; path = SessionStoreTests.swift; sourceTree = "<group>"; };
		78A0877834E368FB8A6551DA /* HomeReveal.swift */ = {isa = PBXFileReference; lastKnownFileType = sourcecode.swift; path = HomeReveal.swift; sourceTree = "<group>"; };
		79E90E01A0115B9D7F5F3E83 /* ProximityMonitorTests.swift */ = {isa = PBXFileReference; lastKnownFileType = sourcecode.swift; path = ProximityMonitorTests.swift; sourceTree = "<group>"; };
		86BF79DABD7CCCD14CC1BC57 /* MotionMonitor.swift */ = {isa = PBXFileReference; lastKnownFileType = sourcecode.swift; path = MotionMonitor.swift; sourceTree = "<group>"; };
		8A5043442FD9A062B45F8530 /* FakePhotoSaver.swift */ = {isa = PBXFileReference; lastKnownFileType = sourcecode.swift; path = FakePhotoSaver.swift; sourceTree = "<group>"; };
		93ACA338DF5B0844C518A709 /* HeartCollapseTests.swift */ = {isa = PBXFileReference; lastKnownFileType = sourcecode.swift; path = HeartCollapseTests.swift; sourceTree = "<group>"; };
		967DED7DAEE7D665444FD5F4 /* CaptureSettingsTests.swift */ = {isa = PBXFileReference; lastKnownFileType = sourcecode.swift; path = CaptureSettingsTests.swift; sourceTree = "<group>"; };
		9831175F3878A45DA5EF3CF6 /* DemoSessionTests.swift */ = {isa = PBXFileReference; lastKnownFileType = sourcecode.swift; path = DemoSessionTests.swift; sourceTree = "<group>"; };
		A1636ED99F85551B4E38B1BF /* LibrarySaverTests.swift */ = {isa = PBXFileReference; lastKnownFileType = sourcecode.swift; path = LibrarySaverTests.swift; sourceTree = "<group>"; };
		ACAFEAED940FE7703A47FED3 /* UIImage+Brightness.swift */ = {isa = PBXFileReference; lastKnownFileType = sourcecode.swift; path = "UIImage+Brightness.swift"; sourceTree = "<group>"; };
		B02F74899A1AF7DA7E810C60 /* HapticHeartbeatService.swift */ = {isa = PBXFileReference; lastKnownFileType = sourcecode.swift; path = HapticHeartbeatService.swift; sourceTree = "<group>"; };
		B0AE5212288710F4116899A5 /* ScrubWheelMath.swift */ = {isa = PBXFileReference; lastKnownFileType = sourcecode.swift; path = ScrubWheelMath.swift; sourceTree = "<group>"; };
		B0BF5C91BD80504906F30C71 /* CameraToggleView.swift */ = {isa = PBXFileReference; lastKnownFileType = sourcecode.swift; path = CameraToggleView.swift; sourceTree = "<group>"; };
		C52D8385EF3DFE4D3D93C583 /* ScrubWheelMathTests.swift */ = {isa = PBXFileReference; lastKnownFileType = sourcecode.swift; path = ScrubWheelMathTests.swift; sourceTree = "<group>"; };
		C5C2C675E4497C415776E333 /* SessionHeart.swift */ = {isa = PBXFileReference; lastKnownFileType = sourcecode.swift; path = SessionHeart.swift; sourceTree = "<group>"; };
		C75176A58602B5DAF0EC3A25 /* FanLayoutTests.swift */ = {isa = PBXFileReference; lastKnownFileType = sourcecode.swift; path = FanLayoutTests.swift; sourceTree = "<group>"; };
		C7F2AB331548FEEECD2A816A /* SessionCoordinatorTests.swift */ = {isa = PBXFileReference; lastKnownFileType = sourcecode.swift; path = SessionCoordinatorTests.swift; sourceTree = "<group>"; };
		D07B84C3F82081BC13B63269 /* ProximityMonitor.swift */ = {isa = PBXFileReference; lastKnownFileType = sourcecode.swift; path = ProximityMonitor.swift; sourceTree = "<group>"; };
		D6472FBC5A664B01F9B2D5D4 /* SessionHeartTests.swift */ = {isa = PBXFileReference; lastKnownFileType = sourcecode.swift; path = SessionHeartTests.swift; sourceTree = "<group>"; };
		D6860DD68D57474925CD8BBC /* CaptureEngine.swift */ = {isa = PBXFileReference; lastKnownFileType = sourcecode.swift; path = CaptureEngine.swift; sourceTree = "<group>"; };
		DDC12EB417B1FFD0D052E692 /* HeartbeatKeyframesTests.swift */ = {isa = PBXFileReference; lastKnownFileType = sourcecode.swift; path = HeartbeatKeyframesTests.swift; sourceTree = "<group>"; };
		E112E33CAB2545173D0F8359 /* ResumeOnce.swift */ = {isa = PBXFileReference; lastKnownFileType = sourcecode.swift; path = ResumeOnce.swift; sourceTree = "<group>"; };
		E631B6D2C08F9571E5435EE2 /* CaptureConfiguration.swift */ = {isa = PBXFileReference; lastKnownFileType = sourcecode.swift; path = CaptureConfiguration.swift; sourceTree = "<group>"; };
		E6E1348F14D88D6AC5B1D0F3 /* Assets.xcassets */ = {isa = PBXFileReference; lastKnownFileType = folder.assetcatalog; path = Assets.xcassets; sourceTree = "<group>"; };
		E7AB8C67A6E41C4E1D84F6B3 /* HeartAnchorKey.swift */ = {isa = PBXFileReference; lastKnownFileType = sourcecode.swift; path = HeartAnchorKey.swift; sourceTree = "<group>"; };
		E87CE32581D78126FDF30A3F /* UIImage+AverageColor.swift */ = {isa = PBXFileReference; lastKnownFileType = sourcecode.swift; path = "UIImage+AverageColor.swift"; sourceTree = "<group>"; };
		EAF5406BC81B3D659BA6B0BD /* CameraSelectionSettings.swift */ = {isa = PBXFileReference; lastKnownFileType = sourcecode.swift; path = CameraSelectionSettings.swift; sourceTree = "<group>"; };
		EC27366208D794321B7F30B5 /* SessionAnnouncements.swift */ = {isa = PBXFileReference; lastKnownFileType = sourcecode.swift; path = SessionAnnouncements.swift; sourceTree = "<group>"; };
		ECF2C3DBBB9DDCBCCD2DDBA9 /* HomeRevealTests.swift */ = {isa = PBXFileReference; lastKnownFileType = sourcecode.swift; path = HomeRevealTests.swift; sourceTree = "<group>"; };
		EF6BD3D2C74662E0011CB0F5 /* CameraSelectionSettingsTests.swift */ = {isa = PBXFileReference; lastKnownFileType = sourcecode.swift; path = CameraSelectionSettingsTests.swift; sourceTree = "<group>"; };
		F16ECD2DB4C2CB4C64C9AD20 /* CurationPolicy.swift */ = {isa = PBXFileReference; lastKnownFileType = sourcecode.swift; path = CurationPolicy.swift; sourceTree = "<group>"; };
		F1BC3D7F8F4C198859C63D8C /* FakePhotoScorer.swift */ = {isa = PBXFileReference; lastKnownFileType = sourcecode.swift; path = FakePhotoScorer.swift; sourceTree = "<group>"; };
		F298B3984B8930C30D3F4CEF /* FanLayout.swift */ = {isa = PBXFileReference; lastKnownFileType = sourcecode.swift; path = FanLayout.swift; sourceTree = "<group>"; };
		F2A7B923ADAF770503E76D35 /* PhotoScorer.swift */ = {isa = PBXFileReference; lastKnownFileType = sourcecode.swift; path = PhotoScorer.swift; sourceTree = "<group>"; };
		F4A3FC5F1A7E749F97006E89 /* StillnessReadingTests.swift */ = {isa = PBXFileReference; lastKnownFileType = sourcecode.swift; path = StillnessReadingTests.swift; sourceTree = "<group>"; };
		F5FCCDDEDA5B70A6A5F51E6C /* Trueframe.app */ = {isa = PBXFileReference; includeInIndex = 0; lastKnownFileType = wrapper.application; path = Trueframe.app; sourceTree = BUILT_PRODUCTS_DIR; };
		F60AF26150C4DCF521591373 /* Trueframe.entitlements */ = {isa = PBXFileReference; lastKnownFileType = text.plist.entitlements; path = Trueframe.entitlements; sourceTree = "<group>"; };
		F9F2BD2E5F6B9659C948C27A /* SessionPhase.swift */ = {isa = PBXFileReference; lastKnownFileType = sourcecode.swift; path = SessionPhase.swift; sourceTree = "<group>"; };
		FA8679EF8881A9A79F47F66A /* TrueframeTests.xctest */ = {isa = PBXFileReference; includeInIndex = 0; lastKnownFileType = wrapper.cfbundle; path = TrueframeTests.xctest; sourceTree = BUILT_PRODUCTS_DIR; };
/* End PBXFileReference section */

/* Begin PBXGroup section */
		0E96876ED3BF8466DA82CF0A /* Capture */ = {
			isa = PBXGroup;
			children = (
				D6860DD68D57474925CD8BBC /* CaptureEngine.swift */,
				86BF79DABD7CCCD14CC1BC57 /* MotionMonitor.swift */,
				D07B84C3F82081BC13B63269 /* ProximityMonitor.swift */,
			);
			path = Capture;
			sourceTree = "<group>";
		};
		17814084E7FFEC4B3DC2949A /* Unit */ = {
			isa = PBXGroup;
			children = (
				47C980FA9E05A93C66F3B142 /* BurstFieldTests.swift */,
				EF6BD3D2C74662E0011CB0F5 /* CameraSelectionSettingsTests.swift */,
				1513F86DD2B0EB31C7CE6C8F /* CaptureConfigurationTests.swift */,
				44EFA420340011B8BAF055AB /* CaptureDimensionsTests.swift */,
				967DED7DAEE7D665444FD5F4 /* CaptureSettingsTests.swift */,
				736E0C47626F1423B573EC1B /* CurationPolicyTests.swift */,
				10EF511BB834D317873E458E /* DateMoonTests.swift */,
				9831175F3878A45DA5EF3CF6 /* DemoSessionTests.swift */,
				C75176A58602B5DAF0EC3A25 /* FanLayoutTests.swift */,
				3AD489A536485C4F1AC65CD1 /* FileManagerStorageTests.swift */,
				37F958C41AB1A3296B915DE7 /* FlashStyleTests.swift */,
				438F5F76D84F93DE366CF948 /* HapticHeartbeatServiceTests.swift */,
				DDC12EB417B1FFD0D052E692 /* HeartbeatKeyframesTests.swift */,
				6C48A66E9594DDFFE8D43865 /* HeartbeatRestartGateTests.swift */,
				93ACA338DF5B0844C518A709 /* HeartCollapseTests.swift */,
				ECF2C3DBBB9DDCBCCD2DDBA9 /* HomeRevealTests.swift */,
				5E683723FFEC7A2B2BBB77EA /* IntervalPickerGeometryTests.swift */,
				5962EA1CF68453FFFD3D58AE /* LensZoomTests.swift */,
				A1636ED99F85551B4E38B1BF /* LibrarySaverTests.swift */,
				79E90E01A0115B9D7F5F3E83 /* ProximityMonitorTests.swift */,
				333ECF66756ECD214B934AD9 /* ResumeOnceTests.swift */,
				C52D8385EF3DFE4D3D93C583 /* ScrubWheelMathTests.swift */,
				030066BC63817C28348AB22D /* SessionAnnouncementsTests.swift */,
				C7F2AB331548FEEECD2A816A /* SessionCoordinatorTests.swift */,
				D6472FBC5A664B01F9B2D5D4 /* SessionHeartTests.swift */,
				7703583FDF6B52D3DD3BF145 /* SessionStoreTests.swift */,
				F4A3FC5F1A7E749F97006E89 /* StillnessReadingTests.swift */,
				286F2D7D1BF19F84423A105A /* UIImageExtensionTests.swift */,
			);
			path = Unit;
			sourceTree = "<group>";
		};
		1C9D6AC99CF4F3190D5E7773 /* Models */ = {
			isa = PBXGroup;
			children = (
				EAF5406BC81B3D659BA6B0BD /* CameraSelectionSettings.swift */,
				5344BBBE80F986A9F3D63E43 /* CaptureSettings.swift */,
				76132711E105573BC940DA87 /* IntervalPickerGeometry.swift */,
			);
			path = Models;
			sourceTree = "<group>";
		};
		256A4E4B0AD609D67D52CE18 /* Helpers */ = {
			isa = PBXGroup;
			children = (
				36EF739F7BC379067BC24CB9 /* TestDefaults.swift */,
			);
			path = Helpers;
			sourceTree = "<group>";
		};
		26E54B557867382AF09B8AFC /* Extensions */ = {
			isa = PBXGroup;
			children = (
				5DB6590390B6FA1EB4938EC7 /* Date+Moon.swift */,
				5A1ABFA2A033B55B654335E9 /* FileManager+Storage.swift */,
				E87CE32581D78126FDF30A3F /* UIImage+AverageColor.swift */,
				ACAFEAED940FE7703A47FED3 /* UIImage+Brightness.swift */,
			);
			path = Extensions;
			sourceTree = "<group>";
		};
		51D0D37F2AFB3EE997F9CFF6 /* Domain */ = {
			isa = PBXGroup;
			children = (
				E631B6D2C08F9571E5435EE2 /* CaptureConfiguration.swift */,
				F16ECD2DB4C2CB4C64C9AD20 /* CurationPolicy.swift */,
				2A98485809891BEEBBB93F17 /* SessionCoordinator.swift */,
				F9F2BD2E5F6B9659C948C27A /* SessionPhase.swift */,
			);
			path = Domain;
			sourceTree = "<group>";
		};
		6B47A8CE86AC614859961004 /* Mocks */ = {
			isa = PBXGroup;
			children = (
				495DBAFF257C67559AA64DB6 /* FakeCaptureEngine.swift */,
				545E09B473D0AF0F565CDAA8 /* FakeHeartbeat.swift */,
				2E5E618DC9564C734E689815 /* FakeHeartbeatEngine.swift */,
				8A5043442FD9A062B45F8530 /* FakePhotoSaver.swift */,
				F1BC3D7F8F4C198859C63D8C /* FakePhotoScorer.swift */,
				6D94BF7B2439B9FF1F518DD0 /* FakeProximitySource.swift */,
			);
			path = Mocks;
			sourceTree = "<group>";
		};
		73B05C18AAAADC53E74A1C86 /* App */ = {
			isa = PBXGroup;
			children = (
				0A6C69B1A8DC64557468C4F8 /* CaptureSessionIntent.swift */,
				5D24D0B6CDE8D7034FB135A6 /* TrueframeApp.swift */,
			);
			path = App;
			sourceTree = "<group>";
		};
		7565F73EC3DA4A5C8A4EC3DA = {
			isa = PBXGroup;
			children = (
				D489588233D3D209CD8F1DF2 /* Trueframe */,
				E641099A257AA4471AC31781 /* TrueframeTests */,
				FBAFC6814C22E17457F13A28 /* Products */,
			);
			sourceTree = "<group>";
		};
		82D91EA2E08AA17EE75DECBF /* Services */ = {
			isa = PBXGroup;
			children = (
				B02F74899A1AF7DA7E810C60 /* HapticHeartbeatService.swift */,
			);
			path = Services;
			sourceTree = "<group>";
		};
		925289692276E485763A492F /* Screens */ = {
			isa = PBXGroup;
			children = (
				5E57E8DAA75B00A4C810971D /* BurstField.swift */,
				B0BF5C91BD80504906F30C71 /* CameraToggleView.swift */,
				6938C587B7D3350F551DE87F /* CaptureScreen.swift */,
				26E11CFC7989CC9FE802F815 /* ContentView.swift */,
				F298B3984B8930C30D3F4CEF /* FanLayout.swift */,
				E7AB8C67A6E41C4E1D84F6B3 /* HeartAnchorKey.swift */,
				537B55235F8ADC2B62C37EF8 /* HeartbeatKeyframes.swift */,
				56DC67BFE33F5B2826DD17DC /* HeartCollapse.swift */,
				78A0877834E368FB8A6551DA /* HomeReveal.swift */,
				45F88A0D2E5D6E0601CA4012 /* HomeScreen.swift */,
				5BA18A9B9E581ED02771E500 /* Motion.swift */,
				E112E33CAB2545173D0F8359 /* ResumeOnce.swift */,
				B0AE5212288710F4116899A5 /* ScrubWheelMath.swift */,
				EC27366208D794321B7F30B5 /* SessionAnnouncements.swift */,
				C5C2C675E4497C415776E333 /* SessionHeart.swift */,
				07D01C68ADC7986D76FDF18F /* TumbleAnimationView.swift */,
			);
			path = Screens;
			sourceTree = "<group>";
		};
		97F41495F05D9EE9B4463490 /* Curation */ = {
			isa = PBXGroup;
			children = (
				2198256E48F96174FC3C772F /* LibrarySaver.swift */,
				F2A7B923ADAF770503E76D35 /* PhotoScorer.swift */,
				1A5B6A3E6CA82BA60696DEE1 /* SessionStore.swift */,
			);
			path = Curation;
			sourceTree = "<group>";
		};
		C2547C2929040F771286F73D /* Debug */ = {
			isa = PBXGroup;
			children = (
				58F7D929A5BDAD89D5F73614 /* DemoSession.swift */,
			);
			path = Debug;
			sourceTree = "<group>";
		};
		CA695DC1D3BEB0BACBD02F38 /* Resources */ = {
			isa = PBXGroup;
			children = (
				E6E1348F14D88D6AC5B1D0F3 /* Assets.xcassets */,
				F60AF26150C4DCF521591373 /* Trueframe.entitlements */,
			);
			path = Resources;
			sourceTree = "<group>";
		};
		D489588233D3D209CD8F1DF2 /* Trueframe */ = {
			isa = PBXGroup;
			children = (
				0FED3EB11210B600C96C8446 /* AppIcon.icon */,
				73B05C18AAAADC53E74A1C86 /* App */,
				0E96876ED3BF8466DA82CF0A /* Capture */,
				97F41495F05D9EE9B4463490 /* Curation */,
				C2547C2929040F771286F73D /* Debug */,
				51D0D37F2AFB3EE997F9CFF6 /* Domain */,
				26E54B557867382AF09B8AFC /* Extensions */,
				1C9D6AC99CF4F3190D5E7773 /* Models */,
				CA695DC1D3BEB0BACBD02F38 /* Resources */,
				925289692276E485763A492F /* Screens */,
				82D91EA2E08AA17EE75DECBF /* Services */,
			);
			path = Trueframe;
			sourceTree = "<group>";
		};
		E641099A257AA4471AC31781 /* TrueframeTests */ = {
			isa = PBXGroup;
			children = (
				256A4E4B0AD609D67D52CE18 /* Helpers */,
				6B47A8CE86AC614859961004 /* Mocks */,
				17814084E7FFEC4B3DC2949A /* Unit */,
			);
			path = TrueframeTests;
			sourceTree = "<group>";
		};
		FBAFC6814C22E17457F13A28 /* Products */ = {
			isa = PBXGroup;
			children = (
				F5FCCDDEDA5B70A6A5F51E6C /* Trueframe.app */,
				FA8679EF8881A9A79F47F66A /* TrueframeTests.xctest */,
			);
			name = Products;
			sourceTree = "<group>";
		};
/* End PBXGroup section */

/* Begin PBXNativeTarget section */
		37967493EAC8FBE5594B7519 /* TrueframeTests */ = {
			isa = PBXNativeTarget;
			buildConfigurationList = 726E10C91CCBC69F2F7A6A16 /* Build configuration list for PBXNativeTarget "TrueframeTests" */;
			buildPhases = (
				33416FE61CC9DCA03496B51D /* Sources */,
			);
			buildRules = (
			);
			dependencies = (
				1E76A1D1B3627BBA807E0D7D /* PBXTargetDependency */,
			);
			name = TrueframeTests;
			packageProductDependencies = (
			);
			productName = TrueframeTests;
			productReference = FA8679EF8881A9A79F47F66A /* TrueframeTests.xctest */;
			productType = "com.apple.product-type.bundle.unit-test";
		};
		B0815B62884BCFD9326D9181 /* Trueframe */ = {
			isa = PBXNativeTarget;
			buildConfigurationList = 40C7811355AAF507C714E5DC /* Build configuration list for PBXNativeTarget "Trueframe" */;
			buildPhases = (
				3AE70E0607072323A29A5B55 /* Sources */,
				6214CA6CBE31B72621DFC44A /* Resources */,
			);
			buildRules = (
			);
			dependencies = (
			);
			name = Trueframe;
			packageProductDependencies = (
			);
			productName = Trueframe;
			productReference = F5FCCDDEDA5B70A6A5F51E6C /* Trueframe.app */;
			productType = "com.apple.product-type.application";
		};
/* End PBXNativeTarget section */

/* Begin PBXProject section */
		0382C168A611CC61B3B18C69 /* Project object */ = {
			isa = PBXProject;
			attributes = {
				BuildIndependentTargetsInParallel = YES;
				LastUpgradeCheck = 2600;
				TargetAttributes = {
					37967493EAC8FBE5594B7519 = {
						DevelopmentTeam = CL6XWJCS9R;
						ProvisioningStyle = Automatic;
					};
					B0815B62884BCFD9326D9181 = {
						DevelopmentTeam = CL6XWJCS9R;
						ProvisioningStyle = Automatic;
					};
				};
			};
			buildConfigurationList = DEB177E90C094C668C67F510 /* Build configuration list for PBXProject "Trueframe" */;
			developmentRegion = en;
			hasScannedForEncodings = 0;
			knownRegions = (
				Base,
				en,
			);
			mainGroup = 7565F73EC3DA4A5C8A4EC3DA;
			minimizedProjectReferenceProxies = 1;
			preferredProjectObjectVersion = 77;
			productRefGroup = FBAFC6814C22E17457F13A28 /* Products */;
			projectDirPath = "";
			projectRoot = "";
			targets = (
				B0815B62884BCFD9326D9181 /* Trueframe */,
				37967493EAC8FBE5594B7519 /* TrueframeTests */,
			);
		};
/* End PBXProject section */

/* Begin PBXResourcesBuildPhase section */
		6214CA6CBE31B72621DFC44A /* Resources */ = {
			isa = PBXResourcesBuildPhase;
			buildActionMask = 2147483647;
			files = (
				F1939C58019A584556275FE0 /* AppIcon.icon in Resources */,
				F5A5AB96F9ADCD1755091E53 /* Assets.xcassets in Resources */,
			);
			runOnlyForDeploymentPostprocessing = 0;
		};
/* End PBXResourcesBuildPhase section */

/* Begin PBXSourcesBuildPhase section */
		33416FE61CC9DCA03496B51D /* Sources */ = {
			isa = PBXSourcesBuildPhase;
			buildActionMask = 2147483647;
			files = (
				BCAE8AA2A888F6E4BBF2786E /* BurstFieldTests.swift in Sources */,
				C8A5C339ED1BC22C276A1AA4 /* CameraSelectionSettingsTests.swift in Sources */,
				41815CE2BCC2398699043B6A /* CaptureConfigurationTests.swift in Sources */,
				6F74648EABD15BDB4BAC09EA /* CaptureDimensionsTests.swift in Sources */,
				01C74947F64F5402D7B2A5D3 /* CaptureSettingsTests.swift in Sources */,
				BC38A293B472FC0BD3DEC736 /* CurationPolicyTests.swift in Sources */,
				26036F83068A8D247CC40DB7 /* DateMoonTests.swift in Sources */,
				0FB9EF9B32D3869F09E1A892 /* DemoSessionTests.swift in Sources */,
				F7587F20238B39596C6F4940 /* FakeCaptureEngine.swift in Sources */,
				0450C81881069218B371651E /* FakeHeartbeat.swift in Sources */,
				0736BA310B0504D865A54525 /* FakeHeartbeatEngine.swift in Sources */,
				9BA85CB6DEADCBA32C5E7AC5 /* FakePhotoSaver.swift in Sources */,
				DA1636BF43ECD0B99B0C9638 /* FakePhotoScorer.swift in Sources */,
				589CE4896F619C804FABF325 /* FakeProximitySource.swift in Sources */,
				B8DACFA7FA6CE8B166F687F3 /* FanLayoutTests.swift in Sources */,
				0DE4EA04828932FD4F1DFB4C /* FileManagerStorageTests.swift in Sources */,
				A025C30125B75351A5BA5598 /* FlashStyleTests.swift in Sources */,
				2B71E5D25B6F941CDD419D6F /* HapticHeartbeatServiceTests.swift in Sources */,
				EA291AAF188900F4FE14F91B /* HeartCollapseTests.swift in Sources */,
				BC2DDE063A397E341C21E3D0 /* HeartbeatKeyframesTests.swift in Sources */,
				CB78DFC72929020234E68155 /* HeartbeatRestartGateTests.swift in Sources */,
				62ECAB43A20113F203A53727 /* HomeRevealTests.swift in Sources */,
				4978FF64C3614910DFF5A83F /* IntervalPickerGeometryTests.swift in Sources */,
				2C60AADB36B2D39D368763D5 /* LensZoomTests.swift in Sources */,
				089A91E9009E5A4913287F2D /* LibrarySaverTests.swift in Sources */,
				58D25B774122801D1DEFDD6D /* ProximityMonitorTests.swift in Sources */,
				1C58677206F53E83DAF8B4E1 /* ResumeOnceTests.swift in Sources */,
				809E9B8EE97278CB02986330 /* ScrubWheelMathTests.swift in Sources */,
				C2DB682D85E418690860CE81 /* SessionAnnouncementsTests.swift in Sources */,
				D04C96955C4B746ECE670154 /* SessionCoordinatorTests.swift in Sources */,
				0DEAF77142029E86A8D7EA78 /* SessionHeartTests.swift in Sources */,
				588BBAF426840010102614C7 /* SessionStoreTests.swift in Sources */,
				BD1F29C6C1AC39F422F6CBC2 /* StillnessReadingTests.swift in Sources */,
				33B66294CDCF45EC4D97157D /* TestDefaults.swift in Sources */,
				C68F84FFC2BFEC55B03ED7AB /* UIImageExtensionTests.swift in Sources */,
			);
			runOnlyForDeploymentPostprocessing = 0;
		};
		3AE70E0607072323A29A5B55 /* Sources */ = {
			isa = PBXSourcesBuildPhase;
			buildActionMask = 2147483647;
			files = (
				D8890F146F977EC3032E486E /* BurstField.swift in Sources */,
				EABA5493841228051E503A22 /* CameraSelectionSettings.swift in Sources */,
				017398BD9210842B9E055B7C /* CameraToggleView.swift in Sources */,
				BC628E019D4B728B34526ABD /* CaptureConfiguration.swift in Sources */,
				001EF5D53BCF2C83D3501958 /* CaptureEngine.swift in Sources */,
				60E44C2D221371DB5687EAD0 /* CaptureScreen.swift in Sources */,
				A5BF99229DC03CA99403EA4B /* CaptureSessionIntent.swift in Sources */,
				C06EFB4148C55BE1B3516172 /* CaptureSettings.swift in Sources */,
				F80DF2BCC2FE81805808D7F1 /* ContentView.swift in Sources */,
				93B37D063BF136158AE4F803 /* CurationPolicy.swift in Sources */,
				2E909278A687895BAC4FACCA /* Date+Moon.swift in Sources */,
				2412EA93152CEE30F73F4132 /* DemoSession.swift in Sources */,
				7EF838603495BE11962FF6C4 /* FanLayout.swift in Sources */,
				D819143F1A50CBA4F3956B12 /* FileManager+Storage.swift in Sources */,
				BC8114FDE2DE9B40A44214CF /* HapticHeartbeatService.swift in Sources */,
				5D8E8A64091F7C90B56CCB4D /* HeartAnchorKey.swift in Sources */,
				E143CF4B77CAB569D23A17DB /* HeartCollapse.swift in Sources */,
				F03F8F9A10A7BAEE4BA9219A /* HeartbeatKeyframes.swift in Sources */,
				293B137FC6568B415A7143F3 /* HomeReveal.swift in Sources */,
				25CD047AC6F0CE97891DBE6A /* HomeScreen.swift in Sources */,
				3F9B8022DBE086279374A2B7 /* IntervalPickerGeometry.swift in Sources */,
				59939ECB7BA5C2D0F1407C19 /* LibrarySaver.swift in Sources */,
				3670994F80DE29345B18DB53 /* Motion.swift in Sources */,
				F3E28ECDFF633943860653EE /* MotionMonitor.swift in Sources */,
				1894BE47C309285EBC4EED2E /* PhotoScorer.swift in Sources */,
				FF838EFFE0F714485F006A4B /* ProximityMonitor.swift in Sources */,
				FB9A04CFD3517AF64FDDB062 /* ResumeOnce.swift in Sources */,
				FF000310F833B640BB83C24C /* ScrubWheelMath.swift in Sources */,
				46E16E91C3929CA390F489F3 /* SessionAnnouncements.swift in Sources */,
				9D24043D34428CA446EF0922 /* SessionCoordinator.swift in Sources */,
				E9F408F15C66945131241349 /* SessionHeart.swift in Sources */,
				147C1BE8E83C057819AA76F4 /* SessionPhase.swift in Sources */,
				3FCB63F98B87439B234F2333 /* SessionStore.swift in Sources */,
				9A0457F6ACC2463ECDA7C150 /* TrueframeApp.swift in Sources */,
				74AB22F16FD6DF7775D0FE63 /* TumbleAnimationView.swift in Sources */,
				4517308384C418078D476E2F /* UIImage+AverageColor.swift in Sources */,
				4ECE2413EE2B7314CCC0606B /* UIImage+Brightness.swift in Sources */,
			);
			runOnlyForDeploymentPostprocessing = 0;
		};
/* End PBXSourcesBuildPhase section */

/* Begin PBXTargetDependency section */
		1E76A1D1B3627BBA807E0D7D /* PBXTargetDependency */ = {
			isa = PBXTargetDependency;
			target = B0815B62884BCFD9326D9181 /* Trueframe */;
			targetProxy = E8E1CE99581280C77A3D6F6C /* PBXContainerItemProxy */;
		};
/* End PBXTargetDependency section */

/* Begin XCBuildConfiguration section */
		1A60EA726617D6B786DFB5FB /* Debug */ = {
			isa = XCBuildConfiguration;
			buildSettings = {
				ASSETCATALOG_COMPILER_APPICON_NAME = AppIcon;
				CODE_SIGN_IDENTITY = "iPhone Developer";
				INFOPLIST_FILE = Trueframe/Resources/Info.plist;
				LD_RUNPATH_SEARCH_PATHS = (
					"$(inherited)",
					"@executable_path/Frameworks",
				);
				PRODUCT_BUNDLE_IDENTIFIER = com.trueframe.app;
				SDKROOT = iphoneos;
				TARGETED_DEVICE_FAMILY = 1;
			};
			name = Debug;
		};
		4698DDD60C77CDA0AA72EA93 /* Release */ = {
			isa = XCBuildConfiguration;
			buildSettings = {
				ALWAYS_SEARCH_USER_PATHS = NO;
				ASSETCATALOG_COMPILER_APPICON_NAME = AppIcon;
				ASSETCATALOG_COMPILER_GLOBAL_ACCENT_COLOR_NAME = AccentColor;
				CLANG_ANALYZER_NONNULL = YES;
				CLANG_ANALYZER_NUMBER_OBJECT_CONVERSION = YES_AGGRESSIVE;
				CLANG_CXX_LANGUAGE_STANDARD = "gnu++14";
				CLANG_CXX_LIBRARY = "libc++";
				CLANG_ENABLE_MODULES = YES;
				CLANG_ENABLE_OBJC_ARC = YES;
				CLANG_ENABLE_OBJC_WEAK = YES;
				CLANG_WARN_BLOCK_CAPTURE_AUTORELEASING = YES;
				CLANG_WARN_BOOL_CONVERSION = YES;
				CLANG_WARN_COMMA = YES;
				CLANG_WARN_CONSTANT_CONVERSION = YES;
				CLANG_WARN_DEPRECATED_OBJC_IMPLEMENTATIONS = YES;
				CLANG_WARN_DIRECT_OBJC_ISA_USAGE = YES_ERROR;
				CLANG_WARN_DOCUMENTATION_COMMENTS = YES;
				CLANG_WARN_EMPTY_BODY = YES;
				CLANG_WARN_ENUM_CONVERSION = YES;
				CLANG_WARN_INFINITE_RECURSION = YES;
				CLANG_WARN_INT_CONVERSION = YES;
				CLANG_WARN_NON_LITERAL_NULL_CONVERSION = YES;
				CLANG_WARN_OBJC_IMPLICIT_RETAIN_SELF = YES;
				CLANG_WARN_OBJC_LITERAL_CONVERSION = YES;
				CLANG_WARN_OBJC_ROOT_CLASS = YES_ERROR;
				CLANG_WARN_QUOTED_INCLUDE_IN_FRAMEWORK_HEADER = YES;
				CLANG_WARN_RANGE_LOOP_ANALYSIS = YES;
				CLANG_WARN_STRICT_PROTOTYPES = YES;
				CLANG_WARN_SUSPICIOUS_MOVE = YES;
				CLANG_WARN_UNGUARDED_AVAILABILITY = YES_AGGRESSIVE;
				CLANG_WARN_UNREACHABLE_CODE = YES;
				CLANG_WARN__DUPLICATE_METHOD_MATCH = YES;
				CODE_SIGN_STYLE = Automatic;
				COPY_PHASE_STRIP = NO;
				CURRENT_PROJECT_VERSION = 1;
				DEBUG_INFORMATION_FORMAT = "dwarf-with-dsym";
				DEVELOPMENT_TEAM = CL6XWJCS9R;
				ENABLE_NS_ASSERTIONS = NO;
				ENABLE_STRICT_OBJC_MSGSEND = YES;
				GCC_C_LANGUAGE_STANDARD = gnu11;
				GCC_NO_COMMON_BLOCKS = YES;
				GCC_WARN_64_TO_32_BIT_CONVERSION = YES;
				GCC_WARN_ABOUT_RETURN_TYPE = YES_ERROR;
				GCC_WARN_UNDECLARED_SELECTOR = YES;
				GCC_WARN_UNINITIALIZED_AUTOS = YES_AGGRESSIVE;
				GCC_WARN_UNUSED_FUNCTION = YES;
				GCC_WARN_UNUSED_VARIABLE = YES;
				IPHONEOS_DEPLOYMENT_TARGET = 26.0;
				MARKETING_VERSION = 1.0;
				MTL_ENABLE_DEBUG_INFO = NO;
				MTL_FAST_MATH = YES;
				PRODUCT_NAME = "$(TARGET_NAME)";
				SDKROOT = iphoneos;
				SWIFT_COMPILATION_MODE = wholemodule;
				SWIFT_OPTIMIZATION_LEVEL = "-O";
				SWIFT_VERSION = 6.0;
				TARGETED_DEVICE_FAMILY = 1;
			};
			name = Release;
		};
		6B0ACAC1A806E05369E2908D /* Release */ = {
			isa = XCBuildConfiguration;
			buildSettings = {
				BUNDLE_LOADER = "$(TEST_HOST)";
				GENERATE_INFOPLIST_FILE = YES;
				LD_RUNPATH_SEARCH_PATHS = (
					"$(inherited)",
					"@executable_path/Frameworks",
					"@loader_path/Frameworks",
				);
				PRODUCT_BUNDLE_IDENTIFIER = com.trueframe.tests;
				SDKROOT = iphoneos;
				TARGETED_DEVICE_FAMILY = "1,2";
				TEST_HOST = "$(BUILT_PRODUCTS_DIR)/Trueframe.app/Trueframe";
			};
			name = Release;
		};
		C95A33F78F8A35A8BFC08B81 /* Debug */ = {
			isa = XCBuildConfiguration;
			buildSettings = {
				BUNDLE_LOADER = "$(TEST_HOST)";
				GENERATE_INFOPLIST_FILE = YES;
				LD_RUNPATH_SEARCH_PATHS = (
					"$(inherited)",
					"@executable_path/Frameworks",
					"@loader_path/Frameworks",
				);
				PRODUCT_BUNDLE_IDENTIFIER = com.trueframe.tests;
				SDKROOT = iphoneos;
				TARGETED_DEVICE_FAMILY = "1,2";
				TEST_HOST = "$(BUILT_PRODUCTS_DIR)/Trueframe.app/Trueframe";
			};
			name = Debug;
		};
		EBA57C1F425020F34732EBED /* Release */ = {
			isa = XCBuildConfiguration;
			buildSettings = {
				ASSETCATALOG_COMPILER_APPICON_NAME = AppIcon;
				CODE_SIGN_IDENTITY = "iPhone Developer";
				INFOPLIST_FILE = Trueframe/Resources/Info.plist;
				LD_RUNPATH_SEARCH_PATHS = (
					"$(inherited)",
					"@executable_path/Frameworks",
				);
				PRODUCT_BUNDLE_IDENTIFIER = com.trueframe.app;
				SDKROOT = iphoneos;
				TARGETED_DEVICE_FAMILY = 1;
			};
			name = Release;
		};
		EC4EA8FC2FE08965BCACA6A6 /* Debug */ = {
			isa = XCBuildConfiguration;
			buildSettings = {
				ALWAYS_SEARCH_USER_PATHS = NO;
				ASSETCATALOG_COMPILER_APPICON_NAME = AppIcon;
				ASSETCATALOG_COMPILER_GLOBAL_ACCENT_COLOR_NAME = AccentColor;
				CLANG_ANALYZER_NONNULL = YES;
				CLANG_ANALYZER_NUMBER_OBJECT_CONVERSION = YES_AGGRESSIVE;
				CLANG_CXX_LANGUAGE_STANDARD = "gnu++14";
				CLANG_CXX_LIBRARY = "libc++";
				CLANG_ENABLE_MODULES = YES;
				CLANG_ENABLE_OBJC_ARC = YES;
				CLANG_ENABLE_OBJC_WEAK = YES;
				CLANG_WARN_BLOCK_CAPTURE_AUTORELEASING = YES;
				CLANG_WARN_BOOL_CONVERSION = YES;
				CLANG_WARN_COMMA = YES;
				CLANG_WARN_CONSTANT_CONVERSION = YES;
				CLANG_WARN_DEPRECATED_OBJC_IMPLEMENTATIONS = YES;
				CLANG_WARN_DIRECT_OBJC_ISA_USAGE = YES_ERROR;
				CLANG_WARN_DOCUMENTATION_COMMENTS = YES;
				CLANG_WARN_EMPTY_BODY = YES;
				CLANG_WARN_ENUM_CONVERSION = YES;
				CLANG_WARN_INFINITE_RECURSION = YES;
				CLANG_WARN_INT_CONVERSION = YES;
				CLANG_WARN_NON_LITERAL_NULL_CONVERSION = YES;
				CLANG_WARN_OBJC_IMPLICIT_RETAIN_SELF = YES;
				CLANG_WARN_OBJC_LITERAL_CONVERSION = YES;
				CLANG_WARN_OBJC_ROOT_CLASS = YES_ERROR;
				CLANG_WARN_QUOTED_INCLUDE_IN_FRAMEWORK_HEADER = YES;
				CLANG_WARN_RANGE_LOOP_ANALYSIS = YES;
				CLANG_WARN_STRICT_PROTOTYPES = YES;
				CLANG_WARN_SUSPICIOUS_MOVE = YES;
				CLANG_WARN_UNGUARDED_AVAILABILITY = YES_AGGRESSIVE;
				CLANG_WARN_UNREACHABLE_CODE = YES;
				CLANG_WARN__DUPLICATE_METHOD_MATCH = YES;
				CODE_SIGN_STYLE = Automatic;
				COPY_PHASE_STRIP = NO;
				CURRENT_PROJECT_VERSION = 1;
				DEBUG_INFORMATION_FORMAT = dwarf;
				DEVELOPMENT_TEAM = CL6XWJCS9R;
				ENABLE_STRICT_OBJC_MSGSEND = YES;
				ENABLE_TESTABILITY = YES;
				GCC_C_LANGUAGE_STANDARD = gnu11;
				GCC_DYNAMIC_NO_PIC = NO;
				GCC_NO_COMMON_BLOCKS = YES;
				GCC_OPTIMIZATION_LEVEL = 0;
				GCC_PREPROCESSOR_DEFINITIONS = (
					"$(inherited)",
					"DEBUG=1",
				);
				GCC_WARN_64_TO_32_BIT_CONVERSION = YES;
				GCC_WARN_ABOUT_RETURN_TYPE = YES_ERROR;
				GCC_WARN_UNDECLARED_SELECTOR = YES;
				GCC_WARN_UNINITIALIZED_AUTOS = YES_AGGRESSIVE;
				GCC_WARN_UNUSED_FUNCTION = YES;
				GCC_WARN_UNUSED_VARIABLE = YES;
				IPHONEOS_DEPLOYMENT_TARGET = 26.0;
				MARKETING_VERSION = 1.0;
				MTL_ENABLE_DEBUG_INFO = INCLUDE_SOURCE;
				MTL_FAST_MATH = YES;
				ONLY_ACTIVE_ARCH = YES;
				PRODUCT_NAME = "$(TARGET_NAME)";
				SDKROOT = iphoneos;
				SWIFT_ACTIVE_COMPILATION_CONDITIONS = DEBUG;
				SWIFT_OPTIMIZATION_LEVEL = "-Onone";
				SWIFT_VERSION = 6.0;
				TARGETED_DEVICE_FAMILY = 1;
			};
			name = Debug;
		};
/* End XCBuildConfiguration section */

/* Begin XCConfigurationList section */
		40C7811355AAF507C714E5DC /* Build configuration list for PBXNativeTarget "Trueframe" */ = {
			isa = XCConfigurationList;
			buildConfigurations = (
				1A60EA726617D6B786DFB5FB /* Debug */,
				EBA57C1F425020F34732EBED /* Release */,
			);
			defaultConfigurationIsVisible = 0;
			defaultConfigurationName = Debug;
		};
		726E10C91CCBC69F2F7A6A16 /* Build configuration list for PBXNativeTarget "TrueframeTests" */ = {
			isa = XCConfigurationList;
			buildConfigurations = (
				C95A33F78F8A35A8BFC08B81 /* Debug */,
				6B0ACAC1A806E05369E2908D /* Release */,
			);
			defaultConfigurationIsVisible = 0;
			defaultConfigurationName = Debug;
		};
		DEB177E90C094C668C67F510 /* Build configuration list for PBXProject "Trueframe" */ = {
			isa = XCConfigurationList;
			buildConfigurations = (
				EC4EA8FC2FE08965BCACA6A6 /* Debug */,
				4698DDD60C77CDA0AA72EA93 /* Release */,
			);
			defaultConfigurationIsVisible = 0;
			defaultConfigurationName = Debug;
		};
/* End XCConfigurationList section */
	};
	rootObject = 0382C168A611CC61B3B18C69 /* Project object */;
}
