// !$*UTF8*$!
{
	archiveVersion = 1;
	classes = {
	};
	objectVersion = 77;
	objects = {

/* Begin PBXBuildFile section */
		017398BD9210842B9E055B7C /* CameraToggleView.swift in Sources */ = {isa = PBXBuildFile; fileRef = B0BF5C91BD80504906F30C71 /* CameraToggleView.swift */; };
		01C74947F64F5402D7B2A5D3 /* CaptureSettingsTests.swift in Sources */ = {isa = PBXBuildFile; fileRef = 967DED7DAEE7D665444FD5F4 /* CaptureSettingsTests.swift */; };
		1129FDE2C4173F557D69AE8B /* StorageMonitor.swift in Sources */ = {isa = PBXBuildFile; fileRef = BA1EB82B86A0F9A036C6FBAA /* StorageMonitor.swift */; };
		16EE5D66EE568ADE18E6F436 /* CapturedPhoto.swift in Sources */ = {isa = PBXBuildFile; fileRef = CA834FE60595B27C0C6FAEE0 /* CapturedPhoto.swift */; };
		187E07420436EDDF7506962B /* MockCameraService.swift in Sources */ = {isa = PBXBuildFile; fileRef = 9D77852773449A1C87871F02 /* MockCameraService.swift */; };
		1D4D7CD3E496028EF0D7881D /* VideoCaptureScreen.swift in Sources */ = {isa = PBXBuildFile; fileRef = A0798505EC911E899D79119D /* VideoCaptureScreen.swift */; };
		25CD047AC6F0CE97891DBE6A /* HomeScreen.swift in Sources */ = {isa = PBXBuildFile; fileRef = 45F88A0D2E5D6E0601CA4012 /* HomeScreen.swift */; };
		2965422D5E252F85BC6DA264 /* CameraService.swift in Sources */ = {isa = PBXBuildFile; fileRef = 88140D3C0242EF6FBF616C3B /* CameraService.swift */; };
		2977B7EBEE376D41A1D2171A /* PhotoQualitySettings.swift in Sources */ = {isa = PBXBuildFile; fileRef = 7ACA5A4126FFF3DC1FDCF66F /* PhotoQualitySettings.swift */; };
		2B71E5D25B6F941CDD419D6F /* HapticHeartbeatServiceTests.swift in Sources */ = {isa = PBXBuildFile; fileRef = 438F5F76D84F93DE366CF948 /* HapticHeartbeatServiceTests.swift */; };
		3637901BC5339A540A3F956E /* PhotoQualitySettingsTests.swift in Sources */ = {isa = PBXBuildFile; fileRef = 32ECE9E4DFB18879E40F98AE /* PhotoQualitySettingsTests.swift */; };
		422ED03377B04425C1DFC7FF /* CaptureFlowIntegrationTests.swift in Sources */ = {isa = PBXBuildFile; fileRef = 5E60E7AE691C4AF3AFDAEC43 /* CaptureFlowIntegrationTests.swift */; };
		501CE058C4F04FD4D11667DD /* TumbleAnimationViewController.swift in Sources */ = {isa = PBXBuildFile; fileRef = 372169D1FB2AF2C617D9BAFD /* TumbleAnimationViewController.swift */; };
		51DEB3520B657BF69B141E68 /* VideoRecordingService.swift in Sources */ = {isa = PBXBuildFile; fileRef = EAC9A250AAE3633C08587900 /* VideoRecordingService.swift */; };
		59C96E2516A963E6B766A713 /* CaptureViewModelTests.swift in Sources */ = {isa = PBXBuildFile; fileRef = 42D04E7EDFF16395C4B2B878 /* CaptureViewModelTests.swift */; };
		60E44C2D221371DB5687EAD0 /* CaptureScreen.swift in Sources */ = {isa = PBXBuildFile; fileRef = 6938C587B7D3350F551DE87F /* CaptureScreen.swift */; };
		6A3FC9CD09D274DB926E5ADF /* CaptureViewModel.swift in Sources */ = {isa = PBXBuildFile; fileRef = 8D8EB50AFDF8047132C981A3 /* CaptureViewModel.swift */; };
		6EC45A984B4B508780ADE7D9 /* MockStorageMonitor.swift in Sources */ = {isa = PBXBuildFile; fileRef = 06870E4557CC101E3C7246D1 /* MockStorageMonitor.swift */; };
		74AB22F16FD6DF7775D0FE63 /* TumbleAnimationView.swift in Sources */ = {isa = PBXBuildFile; fileRef = 07D01C68ADC7986D76FDF18F /* TumbleAnimationView.swift */; };
		754BD821745FC6D917924A35 /* UIImage+Rotation.swift in Sources */ = {isa = PBXBuildFile; fileRef = 1FE66E3C192F41D9824751E6 /* UIImage+Rotation.swift */; };
		78A913F56EE1158BDED80126 /* AppState.swift in Sources */ = {isa = PBXBuildFile; fileRef = 72BEA1A598F980214F469CAD /* AppState.swift */; };
		848B1E39D80FF6E3AA8630EC /* VideoRecordingServiceTests.swift in Sources */ = {isa = PBXBuildFile; fileRef = 2BE27F0FF8EA9F4FA7D26467 /* VideoRecordingServiceTests.swift */; };
		8774213476B7583BEBA4A35C /* PhotoQualitySettingsView.swift in Sources */ = {isa = PBXBuildFile; fileRef = 2224EA946A06AA0ADE13F822 /* PhotoQualitySettingsView.swift */; };
		8B3AE429010747502DC757C7 /* CameraServiceProtocol.swift in Sources */ = {isa = PBXBuildFile; fileRef = 11C33869B8D0B197D216AB62 /* CameraServiceProtocol.swift */; };
		90F12EE0ACE61C9B8B3636DB /* VideoRecordingServiceProtocol.swift in Sources */ = {isa = PBXBuildFile; fileRef = 96DE9769EC8308E194A347C4 /* VideoRecordingServiceProtocol.swift */; };
		9A0457F6ACC2463ECDA7C150 /* TrueframeApp.swift in Sources */ = {isa = PBXBuildFile; fileRef = 5D24D0B6CDE8D7034FB135A6 /* TrueframeApp.swift */; };
		A368CCBF1FA825AE0D628DF6 /* CameraServiceTests.swift in Sources */ = {isa = PBXBuildFile; fileRef = 86137C638CE3978E931D8664 /* CameraServiceTests.swift */; };
		B1800E4CDA000210A14EF85C /* PhotoCache.swift in Sources */ = {isa = PBXBuildFile; fileRef = 3A642FE2C10B4CC2782E0550 /* PhotoCache.swift */; };
		BC8114FDE2DE9B40A44214CF /* HapticHeartbeatService.swift in Sources */ = {isa = PBXBuildFile; fileRef = B02F74899A1AF7DA7E810C60 /* HapticHeartbeatService.swift */; };
		C06EFB4148C55BE1B3516172 /* CaptureSettings.swift in Sources */ = {isa = PBXBuildFile; fileRef = 5344BBBE80F986A9F3D63E43 /* CaptureSettings.swift */; };
		C26C3876B64357EC391C76DF /* MockVideoRecordingService.swift in Sources */ = {isa = PBXBuildFile; fileRef = FB22D7A5CA5EB5958B339DEC /* MockVideoRecordingService.swift */; };
		C4C8F7BF7C3E727A1A71FE1E /* MockAppState.swift in Sources */ = {isa = PBXBuildFile; fileRef = 7136178BC25BC7604193B4CA /* MockAppState.swift */; };
		C68F84FFC2BFEC55B03ED7AB /* UIImageExtensionTests.swift in Sources */ = {isa = PBXBuildFile; fileRef = 286F2D7D1BF19F84423A105A /* UIImageExtensionTests.swift */; };
		C6B16E833D237BA07479F4CE /* PhotoCacheTests.swift in Sources */ = {isa = PBXBuildFile; fileRef = B59E38B7A61866B532CD2052 /* PhotoCacheTests.swift */; };
		C8A5C339ED1BC22C276A1AA4 /* CameraSelectionSettingsTests.swift in Sources */ = {isa = PBXBuildFile; fileRef = EF6BD3D2C74662E0011CB0F5 /* CameraSelectionSettingsTests.swift */; };
		D2880EC4F351DB45AE48EF76 /* LivePhotoService.swift in Sources */ = {isa = PBXBuildFile; fileRef = B50A75A5559DDCF8FAAE770E /* LivePhotoService.swift */; };
		DC36F64FA645BABB5AA7A988 /* FileManager+Safe.swift in Sources */ = {isa = PBXBuildFile; fileRef = 4CB10D931FC9F12980E468C6 /* FileManager+Safe.swift */; };
		DE968641BCEA4771DFA31502 /* PhotoAnalyzer.swift in Sources */ = {isa = PBXBuildFile; fileRef = 3539C25EAA694C1E6F3E15F5 /* PhotoAnalyzer.swift */; };
		BG02MEDIAPROCESS0001A1B2 /* BackgroundMediaProcessor.swift in Sources */ = {isa = PBXBuildFile; fileRef = BG01MEDIAPROCESS0001A1B2 /* BackgroundMediaProcessor.swift */; };
		E672C765E6F9AC757F0D629E /* MockHapticService.swift in Sources */ = {isa = PBXBuildFile; fileRef = CA1599AFCA5ED4BB84D58732 /* MockHapticService.swift */; };
		EABA5493841228051E503A22 /* CameraSelectionSettings.swift in Sources */ = {isa = PBXBuildFile; fileRef = EAF5406BC81B3D659BA6B0BD /* CameraSelectionSettings.swift */; };
		EADBA511951AF1C96B9A2994 /* StorageMonitorTests.swift in Sources */ = {isa = PBXBuildFile; fileRef = 9A339F845C6CFD1408BAE978 /* StorageMonitorTests.swift */; };
		F5A5AB96F9ADCD1755091E53 /* Assets.xcassets in Resources */ = {isa = PBXBuildFile; fileRef = E6E1348F14D88D6AC5B1D0F3 /* Assets.xcassets */; };
		F71FC04B5D6A340F5233B4AA /* AppStateTests.swift in Sources */ = {isa = PBXBuildFile; fileRef = 53C108D6F9A8D110216FDF44 /* AppStateTests.swift */; };
		F7E08003A9FC37CE8EE5EE1B /* CaptureMode.swift in Sources */ = {isa = PBXBuildFile; fileRef = 64136A770028F29393A1AFAF /* CaptureMode.swift */; };
/* End PBXBuildFile section */

/* Begin PBXContainerItemProxy section */
		E8E1CE99581280C77A3D6F6C /* PBXContainerItemProxy */ = {
			isa = PBXContainerItemProxy;
			containerPortal = 0382C168A611CC61B3B18C69 /* Project object */;
			proxyType = 1;
			remoteGlobalIDString = B0815B62884BCFD9326D9181;
			remoteInfo = Trueframe;
		};
/* End PBXContainerItemProxy section */

/* Begin PBXFileReference section */
		06870E4557CC101E3C7246D1 /* MockStorageMonitor.swift */ = {isa = PBXFileReference; lastKnownFileType = sourcecode.swift; path = MockStorageMonitor.swift; sourceTree = "<group>"; };
		07D01C68ADC7986D76FDF18F /* TumbleAnimationView.swift */ = {isa = PBXFileReference; lastKnownFileType = sourcecode.swift; path = TumbleAnimationView.swift; sourceTree = "<group>"; };
		11C33869B8D0B197D216AB62 /* CameraServiceProtocol.swift */ = {isa = PBXFileReference; lastKnownFileType = sourcecode.swift; path = CameraServiceProtocol.swift; sourceTree = "<group>"; };
		1FE66E3C192F41D9824751E6 /* UIImage+Rotation.swift */ = {isa = PBXFileReference; lastKnownFileType = sourcecode.swift; path = "UIImage+Rotation.swift"; sourceTree = "<group>"; };
		2224EA946A06AA0ADE13F822 /* PhotoQualitySettingsView.swift */ = {isa = PBXFileReference; lastKnownFileType = sourcecode.swift; path = PhotoQualitySettingsView.swift; sourceTree = "<group>"; };
		286F2D7D1BF19F84423A105A /* UIImageExtensionTests.swift */ = {isa = PBXFileReference; lastKnownFileType = sourcecode.swift; path = UIImageExtensionTests.swift; sourceTree = "<group>"; };
		2BE27F0FF8EA9F4FA7D26467 /* VideoRecordingServiceTests.swift */ = {isa = PBXFileReference; lastKnownFileType = sourcecode.swift; path = VideoRecordingServiceTests.swift; sourceTree = "<group>"; };
		32ECE9E4DFB18879E40F98AE /* PhotoQualitySettingsTests.swift */ = {isa = PBXFileReference; lastKnownFileType = sourcecode.swift; path = PhotoQualitySettingsTests.swift; sourceTree = "<group>"; };
		3539C25EAA694C1E6F3E15F5 /* PhotoAnalyzer.swift */ = {isa = PBXFileReference; lastKnownFileType = sourcecode.swift; path = PhotoAnalyzer.swift; sourceTree = "<group>"; };
		BG01MEDIAPROCESS0001A1B2 /* BackgroundMediaProcessor.swift */ = {isa = PBXFileReference; lastKnownFileType = sourcecode.swift; path = BackgroundMediaProcessor.swift; sourceTree = "<group>"; };
		372169D1FB2AF2C617D9BAFD /* TumbleAnimationViewController.swift */ = {isa = PBXFileReference; lastKnownFileType = sourcecode.swift; path = TumbleAnimationViewController.swift; sourceTree = "<group>"; };
		3A642FE2C10B4CC2782E0550 /* PhotoCache.swift */ = {isa = PBXFileReference; lastKnownFileType = sourcecode.swift; path = PhotoCache.swift; sourceTree = "<group>"; };
		42D04E7EDFF16395C4B2B878 /* CaptureViewModelTests.swift */ = {isa = PBXFileReference; lastKnownFileType = sourcecode.swift; path = CaptureViewModelTests.swift; sourceTree = "<group>"; };
		438F5F76D84F93DE366CF948 /* HapticHeartbeatServiceTests.swift */ = {isa = PBXFileReference; lastKnownFileType = sourcecode.swift; path = HapticHeartbeatServiceTests.swift; sourceTree = "<group>"; };
		45F88A0D2E5D6E0601CA4012 /* HomeScreen.swift */ = {isa = PBXFileReference; lastKnownFileType = sourcecode.swift; path = HomeScreen.swift; sourceTree = "<group>"; };
		4CB10D931FC9F12980E468C6 /* FileManager+Safe.swift */ = {isa = PBXFileReference; lastKnownFileType = sourcecode.swift; path = "FileManager+Safe.swift"; sourceTree = "<group>"; };
		5344BBBE80F986A9F3D63E43 /* CaptureSettings.swift */ = {isa = PBXFileReference; lastKnownFileType = sourcecode.swift; path = CaptureSettings.swift; sourceTree = "<group>"; };
		53C108D6F9A8D110216FDF44 /* AppStateTests.swift */ = {isa = PBXFileReference; lastKnownFileType = sourcecode.swift; path = AppStateTests.swift; sourceTree = "<group>"; };
		5D24D0B6CDE8D7034FB135A6 /* TrueframeApp.swift */ = {isa = PBXFileReference; lastKnownFileType = sourcecode.swift; path = TrueframeApp.swift; sourceTree = "<group>"; };
		5E60E7AE691C4AF3AFDAEC43 /* CaptureFlowIntegrationTests.swift */ = {isa = PBXFileReference; lastKnownFileType = sourcecode.swift; path = CaptureFlowIntegrationTests.swift; sourceTree = "<group>"; };
		64136A770028F29393A1AFAF /* CaptureMode.swift */ = {isa = PBXFileReference; lastKnownFileType = sourcecode.swift; path = CaptureMode.swift; sourceTree = "<group>"; };
		6938C587B7D3350F551DE87F /* CaptureScreen.swift */ = {isa = PBXFileReference; lastKnownFileType = sourcecode.swift; path = CaptureScreen.swift; sourceTree = "<group>"; };
		7136178BC25BC7604193B4CA /* MockAppState.swift */ = {isa = PBXFileReference; lastKnownFileType = sourcecode.swift; path = MockAppState.swift; sourceTree = "<group>"; };
		72BEA1A598F980214F469CAD /* AppState.swift */ = {isa = PBXFileReference; lastKnownFileType = sourcecode.swift; path = AppState.swift; sourceTree = "<group>"; };
		7ACA5A4126FFF3DC1FDCF66F /* PhotoQualitySettings.swift */ = {isa = PBXFileReference; lastKnownFileType = sourcecode.swift; path = PhotoQualitySettings.swift; sourceTree = "<group>"; };
		86137C638CE3978E931D8664 /* CameraServiceTests.swift */ = {isa = PBXFileReference; lastKnownFileType = sourcecode.swift; path = CameraServiceTests.swift; sourceTree = "<group>"; };
		88140D3C0242EF6FBF616C3B /* CameraService.swift */ = {isa = PBXFileReference; lastKnownFileType = sourcecode.swift; path = CameraService.swift; sourceTree = "<group>"; };
		8D8EB50AFDF8047132C981A3 /* CaptureViewModel.swift */ = {isa = PBXFileReference; lastKnownFileType = sourcecode.swift; path = CaptureViewModel.swift; sourceTree = "<group>"; };
		967DED7DAEE7D665444FD5F4 /* CaptureSettingsTests.swift */ = {isa = PBXFileReference; lastKnownFileType = sourcecode.swift; path = CaptureSettingsTests.swift; sourceTree = "<group>"; };
		96DE9769EC8308E194A347C4 /* VideoRecordingServiceProtocol.swift */ = {isa = PBXFileReference; lastKnownFileType = sourcecode.swift; path = VideoRecordingServiceProtocol.swift; sourceTree = "<group>"; };
		9A339F845C6CFD1408BAE978 /* StorageMonitorTests.swift */ = {isa = PBXFileReference; lastKnownFileType = sourcecode.swift; path = StorageMonitorTests.swift; sourceTree = "<group>"; };
		9D77852773449A1C87871F02 /* MockCameraService.swift */ = {isa = PBXFileReference; lastKnownFileType = sourcecode.swift; path = MockCameraService.swift; sourceTree = "<group>"; };
		A0798505EC911E899D79119D /* VideoCaptureScreen.swift */ = {isa = PBXFileReference; lastKnownFileType = sourcecode.swift; path = VideoCaptureScreen.swift; sourceTree = "<group>"; };
		B02F74899A1AF7DA7E810C60 /* HapticHeartbeatService.swift */ = {isa = PBXFileReference; lastKnownFileType = sourcecode.swift; path = HapticHeartbeatService.swift; sourceTree = "<group>"; };
		B0BF5C91BD80504906F30C71 /* CameraToggleView.swift */ = {isa = PBXFileReference; lastKnownFileType = sourcecode.swift; path = CameraToggleView.swift; sourceTree = "<group>"; };
		B50A75A5559DDCF8FAAE770E /* LivePhotoService.swift */ = {isa = PBXFileReference; lastKnownFileType = sourcecode.swift; path = LivePhotoService.swift; sourceTree = "<group>"; };
		B59E38B7A61866B532CD2052 /* PhotoCacheTests.swift */ = {isa = PBXFileReference; lastKnownFileType = sourcecode.swift; path = PhotoCacheTests.swift; sourceTree = "<group>"; };
		BA1EB82B86A0F9A036C6FBAA /* StorageMonitor.swift */ = {isa = PBXFileReference; lastKnownFileType = sourcecode.swift; path = StorageMonitor.swift; sourceTree = "<group>"; };
		CA1599AFCA5ED4BB84D58732 /* MockHapticService.swift */ = {isa = PBXFileReference; lastKnownFileType = sourcecode.swift; path = MockHapticService.swift; sourceTree = "<group>"; };
		CA834FE60595B27C0C6FAEE0 /* CapturedPhoto.swift */ = {isa = PBXFileReference; lastKnownFileType = sourcecode.swift; path = CapturedPhoto.swift; sourceTree = "<group>"; };
		E6E1348F14D88D6AC5B1D0F3 /* Assets.xcassets */ = {isa = PBXFileReference; lastKnownFileType = folder.assetcatalog; path = Assets.xcassets; sourceTree = "<group>"; };
		EAC9A250AAE3633C08587900 /* VideoRecordingService.swift */ = {isa = PBXFileReference; lastKnownFileType = sourcecode.swift; path = VideoRecordingService.swift; sourceTree = "<group>"; };
		EAF5406BC81B3D659BA6B0BD /* CameraSelectionSettings.swift */ = {isa = PBXFileReference; lastKnownFileType = sourcecode.swift; path = CameraSelectionSettings.swift; sourceTree = "<group>"; };
		EF6BD3D2C74662E0011CB0F5 /* CameraSelectionSettingsTests.swift */ = {isa = PBXFileReference; lastKnownFileType = sourcecode.swift; path = CameraSelectionSettingsTests.swift; sourceTree = "<group>"; };
		F5FCCDDEDA5B70A6A5F51E6C /* Trueframe.app */ = {isa = PBXFileReference; includeInIndex = 0; lastKnownFileType = wrapper.application; path = Trueframe.app; sourceTree = BUILT_PRODUCTS_DIR; };
		FA8679EF8881A9A79F47F66A /* TrueframeTests.xctest */ = {isa = PBXFileReference; includeInIndex = 0; lastKnownFileType = wrapper.cfbundle; path = TrueframeTests.xctest; sourceTree = BUILT_PRODUCTS_DIR; };
		FB22D7A5CA5EB5958B339DEC /* MockVideoRecordingService.swift */ = {isa = PBXFileReference; lastKnownFileType = sourcecode.swift; path = MockVideoRecordingService.swift; sourceTree = "<group>"; };
/* End PBXFileReference section */

/* Begin PBXGroup section */
		17814084E7FFEC4B3DC2949A /* Unit */ = {
			isa = PBXGroup;
			children = (
				53C108D6F9A8D110216FDF44 /* AppStateTests.swift */,
				EF6BD3D2C74662E0011CB0F5 /* CameraSelectionSettingsTests.swift */,
				86137C638CE3978E931D8664 /* CameraServiceTests.swift */,
				967DED7DAEE7D665444FD5F4 /* CaptureSettingsTests.swift */,
				42D04E7EDFF16395C4B2B878 /* CaptureViewModelTests.swift */,
				438F5F76D84F93DE366CF948 /* HapticHeartbeatServiceTests.swift */,
				B59E38B7A61866B532CD2052 /* PhotoCacheTests.swift */,
				32ECE9E4DFB18879E40F98AE /* PhotoQualitySettingsTests.swift */,
				9A339F845C6CFD1408BAE978 /* StorageMonitorTests.swift */,
				286F2D7D1BF19F84423A105A /* UIImageExtensionTests.swift */,
			);
			path = Unit;
			sourceTree = "<group>";
		};
		1C9D6AC99CF4F3190D5E7773 /* Models */ = {
			isa = PBXGroup;
			children = (
				EAF5406BC81B3D659BA6B0BD /* CameraSelectionSettings.swift */,
				CA834FE60595B27C0C6FAEE0 /* CapturedPhoto.swift */,
				64136A770028F29393A1AFAF /* CaptureMode.swift */,
				5344BBBE80F986A9F3D63E43 /* CaptureSettings.swift */,
				7ACA5A4126FFF3DC1FDCF66F /* PhotoQualitySettings.swift */,
			);
			path = Models;
			sourceTree = "<group>";
		};
		26E54B557867382AF09B8AFC /* Extensions */ = {
			isa = PBXGroup;
			children = (
				4CB10D931FC9F12980E468C6 /* FileManager+Safe.swift */,
				1FE66E3C192F41D9824751E6 /* UIImage+Rotation.swift */,
			);
			path = Extensions;
			sourceTree = "<group>";
		};
		6B47A8CE86AC614859961004 /* Mocks */ = {
			isa = PBXGroup;
			children = (
				7136178BC25BC7604193B4CA /* MockAppState.swift */,
				9D77852773449A1C87871F02 /* MockCameraService.swift */,
				CA1599AFCA5ED4BB84D58732 /* MockHapticService.swift */,
				06870E4557CC101E3C7246D1 /* MockStorageMonitor.swift */,
				FB22D7A5CA5EB5958B339DEC /* MockVideoRecordingService.swift */,
			);
			path = Mocks;
			sourceTree = "<group>";
		};
		73B05C18AAAADC53E74A1C86 /* App */ = {
			isa = PBXGroup;
			children = (
				72BEA1A598F980214F469CAD /* AppState.swift */,
				5D24D0B6CDE8D7034FB135A6 /* TrueframeApp.swift */,
			);
			path = App;
			sourceTree = "<group>";
		};
		74343574CFDE5716AE316046 /* Integration */ = {
			isa = PBXGroup;
			children = (
				5E60E7AE691C4AF3AFDAEC43 /* CaptureFlowIntegrationTests.swift */,
			);
			path = Integration;
			sourceTree = "<group>";
		};
		7565F73EC3DA4A5C8A4EC3DA = {
			isa = PBXGroup;
			children = (
				D489588233D3D209CD8F1DF2 /* Trueframe */,
				E641099A257AA4471AC31781 /* TrueframeTests */,
				FBAFC6814C22E17457F13A28 /* Products */,
			);
			sourceTree = "<group>";
		};
		82D91EA2E08AA17EE75DECBF /* Services */ = {
			isa = PBXGroup;
			children = (
				BG01MEDIAPROCESS0001A1B2 /* BackgroundMediaProcessor.swift */,
				88140D3C0242EF6FBF616C3B /* CameraService.swift */,
				B02F74899A1AF7DA7E810C60 /* HapticHeartbeatService.swift */,
				B50A75A5559DDCF8FAAE770E /* LivePhotoService.swift */,
				3539C25EAA694C1E6F3E15F5 /* PhotoAnalyzer.swift */,
				3A642FE2C10B4CC2782E0550 /* PhotoCache.swift */,
				BA1EB82B86A0F9A036C6FBAA /* StorageMonitor.swift */,
				EAC9A250AAE3633C08587900 /* VideoRecordingService.swift */,
			);
			path = Services;
			sourceTree = "<group>";
		};
		925289692276E485763A492F /* Screens */ = {
			isa = PBXGroup;
			children = (
				B0BF5C91BD80504906F30C71 /* CameraToggleView.swift */,
				6938C587B7D3350F551DE87F /* CaptureScreen.swift */,
				8D8EB50AFDF8047132C981A3 /* CaptureViewModel.swift */,
				45F88A0D2E5D6E0601CA4012 /* HomeScreen.swift */,
				2224EA946A06AA0ADE13F822 /* PhotoQualitySettingsView.swift */,
				07D01C68ADC7986D76FDF18F /* TumbleAnimationView.swift */,
				372169D1FB2AF2C617D9BAFD /* TumbleAnimationViewController.swift */,
				A0798505EC911E899D79119D /* VideoCaptureScreen.swift */,
			);
			path = Screens;
			sourceTree = "<group>";
		};
		AD8581E48CD84690FECFF5AA /* Protocols */ = {
			isa = PBXGroup;
			children = (
				11C33869B8D0B197D216AB62 /* CameraServiceProtocol.swift */,
				96DE9769EC8308E194A347C4 /* VideoRecordingServiceProtocol.swift */,
			);
			path = Protocols;
			sourceTree = "<group>";
		};
		CA695DC1D3BEB0BACBD02F38 /* Resources */ = {
			isa = PBXGroup;
			children = (
				E6E1348F14D88D6AC5B1D0F3 /* Assets.xcassets */,
			);
			path = Resources;
			sourceTree = "<group>";
		};
		D489588233D3D209CD8F1DF2 /* Trueframe */ = {
			isa = PBXGroup;
			children = (
				73B05C18AAAADC53E74A1C86 /* App */,
				26E54B557867382AF09B8AFC /* Extensions */,
				1C9D6AC99CF4F3190D5E7773 /* Models */,
				CA695DC1D3BEB0BACBD02F38 /* Resources */,
				925289692276E485763A492F /* Screens */,
				82D91EA2E08AA17EE75DECBF /* Services */,
			);
			path = Trueframe;
			sourceTree = "<group>";
		};
		E641099A257AA4471AC31781 /* TrueframeTests */ = {
			isa = PBXGroup;
			children = (
				2BE27F0FF8EA9F4FA7D26467 /* VideoRecordingServiceTests.swift */,
				74343574CFDE5716AE316046 /* Integration */,
				6B47A8CE86AC614859961004 /* Mocks */,
				AD8581E48CD84690FECFF5AA /* Protocols */,
				17814084E7FFEC4B3DC2949A /* Unit */,
			);
			path = TrueframeTests;
			sourceTree = "<group>";
		};
		FBAFC6814C22E17457F13A28 /* Products */ = {
			isa = PBXGroup;
			children = (
				F5FCCDDEDA5B70A6A5F51E6C /* Trueframe.app */,
				FA8679EF8881A9A79F47F66A /* TrueframeTests.xctest */,
			);
			name = Products;
			sourceTree = "<group>";
		};
/* End PBXGroup section */

/* Begin PBXNativeTarget section */
		37967493EAC8FBE5594B7519 /* TrueframeTests */ = {
			isa = PBXNativeTarget;
			buildConfigurationList = 726E10C91CCBC69F2F7A6A16 /* Build configuration list for PBXNativeTarget "TrueframeTests" */;
			buildPhases = (
				33416FE61CC9DCA03496B51D /* Sources */,
			);
			buildRules = (
			);
			dependencies = (
				1E76A1D1B3627BBA807E0D7D /* PBXTargetDependency */,
			);
			name = TrueframeTests;
			packageProductDependencies = (
			);
			productName = TrueframeTests;
			productReference = FA8679EF8881A9A79F47F66A /* TrueframeTests.xctest */;
			productType = "com.apple.product-type.bundle.unit-test";
		};
		B0815B62884BCFD9326D9181 /* Trueframe */ = {
			isa = PBXNativeTarget;
			buildConfigurationList = 40C7811355AAF507C714E5DC /* Build configuration list for PBXNativeTarget "Trueframe" */;
			buildPhases = (
				3AE70E0607072323A29A5B55 /* Sources */,
				6214CA6CBE31B72621DFC44A /* Resources */,
			);
			buildRules = (
			);
			dependencies = (
			);
			name = Trueframe;
			packageProductDependencies = (
			);
			productName = Trueframe;
			productReference = F5FCCDDEDA5B70A6A5F51E6C /* Trueframe.app */;
			productType = "com.apple.product-type.application";
		};
/* End PBXNativeTarget section */

/* Begin PBXProject section */
		0382C168A611CC61B3B18C69 /* Project object */ = {
			isa = PBXProject;
			attributes = {
				BuildIndependentTargetsInParallel = YES;
				LastUpgradeCheck = 1500;
				TargetAttributes = {
					37967493EAC8FBE5594B7519 = {
						DevelopmentTeam = CL6XWJCS9R;
						ProvisioningStyle = Automatic;
					};
					B0815B62884BCFD9326D9181 = {
						DevelopmentTeam = CL6XWJCS9R;
						ProvisioningStyle = Automatic;
					};
				};
			};
			buildConfigurationList = DEB177E90C094C668C67F510 /* Build configuration list for PBXProject "Trueframe" */;
			compatibilityVersion = "Xcode 14.0";
			developmentRegion = en;
			hasScannedForEncodings = 0;
			knownRegions = (
				Base,
				en,
			);
			mainGroup = 7565F73EC3DA4A5C8A4EC3DA;
			minimizedProjectReferenceProxies = 1;
			preferredProjectObjectVersion = 77;
			projectDirPath = "";
			projectRoot = "";
			targets = (
				B0815B62884BCFD9326D9181 /* Trueframe */,
				37967493EAC8FBE5594B7519 /* TrueframeTests */,
			);
		};
/* End PBXProject section */

/* Begin PBXResourcesBuildPhase section */
		6214CA6CBE31B72621DFC44A /* Resources */ = {
			isa = PBXResourcesBuildPhase;
			buildActionMask = 2147483647;
			files = (
				F5A5AB96F9ADCD1755091E53 /* Assets.xcassets in Resources */,
			);
			runOnlyForDeploymentPostprocessing = 0;
		};
/* End PBXResourcesBuildPhase section */

/* Begin PBXSourcesBuildPhase section */
		33416FE61CC9DCA03496B51D /* Sources */ = {
			isa = PBXSourcesBuildPhase;
			buildActionMask = 2147483647;
			files = (
				F71FC04B5D6A340F5233B4AA /* AppStateTests.swift in Sources */,
				C8A5C339ED1BC22C276A1AA4 /* CameraSelectionSettingsTests.swift in Sources */,
				8B3AE429010747502DC757C7 /* CameraServiceProtocol.swift in Sources */,
				A368CCBF1FA825AE0D628DF6 /* CameraServiceTests.swift in Sources */,
				422ED03377B04425C1DFC7FF /* CaptureFlowIntegrationTests.swift in Sources */,
				01C74947F64F5402D7B2A5D3 /* CaptureSettingsTests.swift in Sources */,
				59C96E2516A963E6B766A713 /* CaptureViewModelTests.swift in Sources */,
				2B71E5D25B6F941CDD419D6F /* HapticHeartbeatServiceTests.swift in Sources */,
				C4C8F7BF7C3E727A1A71FE1E /* MockAppState.swift in Sources */,
				187E07420436EDDF7506962B /* MockCameraService.swift in Sources */,
				E672C765E6F9AC757F0D629E /* MockHapticService.swift in Sources */,
				6EC45A984B4B508780ADE7D9 /* MockStorageMonitor.swift in Sources */,
				C26C3876B64357EC391C76DF /* MockVideoRecordingService.swift in Sources */,
				C6B16E833D237BA07479F4CE /* PhotoCacheTests.swift in Sources */,
				3637901BC5339A540A3F956E /* PhotoQualitySettingsTests.swift in Sources */,
				EADBA511951AF1C96B9A2994 /* StorageMonitorTests.swift in Sources */,
				C68F84FFC2BFEC55B03ED7AB /* UIImageExtensionTests.swift in Sources */,
				90F12EE0ACE61C9B8B3636DB /* VideoRecordingServiceProtocol.swift in Sources */,
				848B1E39D80FF6E3AA8630EC /* VideoRecordingServiceTests.swift in Sources */,
			);
			runOnlyForDeploymentPostprocessing = 0;
		};
		3AE70E0607072323A29A5B55 /* Sources */ = {
			isa = PBXSourcesBuildPhase;
			buildActionMask = 2147483647;
			files = (
				78A913F56EE1158BDED80126 /* AppState.swift in Sources */,
				EABA5493841228051E503A22 /* CameraSelectionSettings.swift in Sources */,
				2965422D5E252F85BC6DA264 /* CameraService.swift in Sources */,
				017398BD9210842B9E055B7C /* CameraToggleView.swift in Sources */,
				F7E08003A9FC37CE8EE5EE1B /* CaptureMode.swift in Sources */,
				60E44C2D221371DB5687EAD0 /* CaptureScreen.swift in Sources */,
				C06EFB4148C55BE1B3516172 /* CaptureSettings.swift in Sources */,
				6A3FC9CD09D274DB926E5ADF /* CaptureViewModel.swift in Sources */,
				16EE5D66EE568ADE18E6F436 /* CapturedPhoto.swift in Sources */,
				DC36F64FA645BABB5AA7A988 /* FileManager+Safe.swift in Sources */,
				BC8114FDE2DE9B40A44214CF /* HapticHeartbeatService.swift in Sources */,
				25CD047AC6F0CE97891DBE6A /* HomeScreen.swift in Sources */,
				D2880EC4F351DB45AE48EF76 /* LivePhotoService.swift in Sources */,
				DE968641BCEA4771DFA31502 /* PhotoAnalyzer.swift in Sources */,
				BG02MEDIAPROCESS0001A1B2 /* BackgroundMediaProcessor.swift in Sources */,
				B1800E4CDA000210A14EF85C /* PhotoCache.swift in Sources */,
				2977B7EBEE376D41A1D2171A /* PhotoQualitySettings.swift in Sources */,
				8774213476B7583BEBA4A35C /* PhotoQualitySettingsView.swift in Sources */,
				1129FDE2C4173F557D69AE8B /* StorageMonitor.swift in Sources */,
				9A0457F6ACC2463ECDA7C150 /* TrueframeApp.swift in Sources */,
				74AB22F16FD6DF7775D0FE63 /* TumbleAnimationView.swift in Sources */,
				501CE058C4F04FD4D11667DD /* TumbleAnimationViewController.swift in Sources */,
				754BD821745FC6D917924A35 /* UIImage+Rotation.swift in Sources */,
				1D4D7CD3E496028EF0D7881D /* VideoCaptureScreen.swift in Sources */,
				51DEB3520B657BF69B141E68 /* VideoRecordingService.swift in Sources */,
			);
			runOnlyForDeploymentPostprocessing = 0;
		};
/* End PBXSourcesBuildPhase section */

/* Begin PBXTargetDependency section */
		1E76A1D1B3627BBA807E0D7D /* PBXTargetDependency */ = {
			isa = PBXTargetDependency;
			target = B0815B62884BCFD9326D9181 /* Trueframe */;
			targetProxy = E8E1CE99581280C77A3D6F6C /* PBXContainerItemProxy */;
		};
/* End PBXTargetDependency section */

/* Begin XCBuildConfiguration section */
		1A60EA726617D6B786DFB5FB /* Debug */ = {
			isa = XCBuildConfiguration;
			buildSettings = {
				ASSETCATALOG_COMPILER_APPICON_NAME = AppIcon;
				CODE_SIGN_ENTITLEMENTS = Trueframe/Resources/Trueframe.entitlements;
				CODE_SIGN_IDENTITY = "iPhone Developer";
				INFOPLIST_FILE = Trueframe/Resources/Info.plist;
				LD_RUNPATH_SEARCH_PATHS = (
					"$(inherited)",
					"@executable_path/Frameworks",
				);
				PRODUCT_BUNDLE_IDENTIFIER = com.trueframe.app;
				SDKROOT = iphoneos;
				TARGETED_DEVICE_FAMILY = "1,2";
			};
			name = Debug;
		};
		4698DDD60C77CDA0AA72EA93 /* Release */ = {
			isa = XCBuildConfiguration;
			buildSettings = {
				ALWAYS_SEARCH_USER_PATHS = NO;
				ASSETCATALOG_COMPILER_APPICON_NAME = AppIcon;
				ASSETCATALOG_COMPILER_GLOBAL_ACCENT_COLOR_NAME = AccentColor;
				CLANG_ANALYZER_NONNULL = YES;
				CLANG_ANALYZER_NUMBER_OBJECT_CONVERSION = YES_AGGRESSIVE;
				CLANG_CXX_LANGUAGE_STANDARD = "gnu++14";
				CLANG_CXX_LIBRARY = "libc++";
				CLANG_ENABLE_MODULES = YES;
				CLANG_ENABLE_OBJC_ARC = YES;
				CLANG_ENABLE_OBJC_WEAK = YES;
				CLANG_WARN_BLOCK_CAPTURE_AUTORELEASING = YES;
				CLANG_WARN_BOOL_CONVERSION = YES;
				CLANG_WARN_COMMA = YES;
				CLANG_WARN_CONSTANT_CONVERSION = YES;
				CLANG_WARN_DEPRECATED_OBJC_IMPLEMENTATIONS = YES;
				CLANG_WARN_DIRECT_OBJC_ISA_USAGE = YES_ERROR;
				CLANG_WARN_DOCUMENTATION_COMMENTS = YES;
				CLANG_WARN_EMPTY_BODY = YES;
				CLANG_WARN_ENUM_CONVERSION = YES;
				CLANG_WARN_INFINITE_RECURSION = YES;
				CLANG_WARN_INT_CONVERSION = YES;
				CLANG_WARN_NON_LITERAL_NULL_CONVERSION = YES;
				CLANG_WARN_OBJC_IMPLICIT_RETAIN_SELF = YES;
				CLANG_WARN_OBJC_LITERAL_CONVERSION = YES;
				CLANG_WARN_OBJC_ROOT_CLASS = YES_ERROR;
				CLANG_WARN_QUOTED_INCLUDE_IN_FRAMEWORK_HEADER = YES;
				CLANG_WARN_RANGE_LOOP_ANALYSIS = YES;
				CLANG_WARN_STRICT_PROTOTYPES = YES;
				CLANG_WARN_SUSPICIOUS_MOVE = YES;
				CLANG_WARN_UNGUARDED_AVAILABILITY = YES_AGGRESSIVE;
				CLANG_WARN_UNREACHABLE_CODE = YES;
				CLANG_WARN__DUPLICATE_METHOD_MATCH = YES;
				CODE_SIGN_STYLE = Automatic;
				COPY_PHASE_STRIP = NO;
				CURRENT_PROJECT_VERSION = 1;
				DEBUG_INFORMATION_FORMAT = "dwarf-with-dsym";
				DEVELOPMENT_TEAM = CL6XWJCS9R;
				ENABLE_NS_ASSERTIONS = NO;
				ENABLE_STRICT_OBJC_MSGSEND = YES;
				GCC_C_LANGUAGE_STANDARD = gnu11;
				GCC_NO_COMMON_BLOCKS = YES;
				GCC_WARN_64_TO_32_BIT_CONVERSION = YES;
				GCC_WARN_ABOUT_RETURN_TYPE = YES_ERROR;
				GCC_WARN_UNDECLARED_SELECTOR = YES;
				GCC_WARN_UNINITIALIZED_AUTOS = YES_AGGRESSIVE;
				GCC_WARN_UNUSED_FUNCTION = YES;
				GCC_WARN_UNUSED_VARIABLE = YES;
				INFOPLIST_KEY_NSCameraUsageDescription = "Trueframe captures photos when you cover the proximity sensor";
				INFOPLIST_KEY_NSMotionUsageDescription = "Motion data helps select the right camera and adjust capture timing";
				INFOPLIST_KEY_NSPhotoLibraryAddUsageDescription = "Photos are saved to your Camera Roll";
				INFOPLIST_KEY_UIApplicationSceneManifest_Generation = YES;
				INFOPLIST_KEY_UILaunchScreen_Generation = YES;
				INFOPLIST_KEY_UIStatusBarStyle = UIStatusBarStyleLightContent;
				INFOPLIST_KEY_UISupportedInterfaceOrientations = UIInterfaceOrientationPortrait;
				IPHONEOS_DEPLOYMENT_TARGET = 17.0;
				MARKETING_VERSION = 1.0;
				MTL_ENABLE_DEBUG_INFO = NO;
				MTL_FAST_MATH = YES;
				PRODUCT_NAME = "$(TARGET_NAME)";
				SDKROOT = iphoneos;
				SWIFT_COMPILATION_MODE = wholemodule;
				SWIFT_OPTIMIZATION_LEVEL = "-O";
				SWIFT_VERSION = 5.9;
				TARGETED_DEVICE_FAMILY = 1;
			};
			name = Release;
		};
		6B0ACAC1A806E05369E2908D /* Release */ = {
			isa = XCBuildConfiguration;
			buildSettings = {
				BUNDLE_LOADER = "$(TEST_HOST)";
				GENERATE_INFOPLIST_FILE = YES;
				LD_RUNPATH_SEARCH_PATHS = (
					"$(inherited)",
					"@executable_path/Frameworks",
					"@loader_path/Frameworks",
				);
				PRODUCT_BUNDLE_IDENTIFIER = com.trueframe.tests;
				SDKROOT = iphoneos;
				TARGETED_DEVICE_FAMILY = "1,2";
				TEST_HOST = "$(BUILT_PRODUCTS_DIR)/Trueframe.app/Trueframe";
			};
			name = Release;
		};
		C95A33F78F8A35A8BFC08B81 /* Debug */ = {
			isa = XCBuildConfiguration;
			buildSettings = {
				BUNDLE_LOADER = "$(TEST_HOST)";
				GENERATE_INFOPLIST_FILE = YES;
				LD_RUNPATH_SEARCH_PATHS = (
					"$(inherited)",
					"@executable_path/Frameworks",
					"@loader_path/Frameworks",
				);
				PRODUCT_BUNDLE_IDENTIFIER = com.trueframe.tests;
				SDKROOT = iphoneos;
				TARGETED_DEVICE_FAMILY = "1,2";
				TEST_HOST = "$(BUILT_PRODUCTS_DIR)/Trueframe.app/Trueframe";
			};
			name = Debug;
		};
		EBA57C1F425020F34732EBED /* Release */ = {
			isa = XCBuildConfiguration;
			buildSettings = {
				ASSETCATALOG_COMPILER_APPICON_NAME = AppIcon;
				CODE_SIGN_ENTITLEMENTS = Trueframe/Resources/Trueframe.entitlements;
				CODE_SIGN_IDENTITY = "iPhone Developer";
				INFOPLIST_FILE = Trueframe/Resources/Info.plist;
				LD_RUNPATH_SEARCH_PATHS = (
					"$(inherited)",
					"@executable_path/Frameworks",
				);
				PRODUCT_BUNDLE_IDENTIFIER = com.trueframe.app;
				SDKROOT = iphoneos;
				TARGETED_DEVICE_FAMILY = "1,2";
			};
			name = Release;
		};
		EC4EA8FC2FE08965BCACA6A6 /* Debug */ = {
			isa = XCBuildConfiguration;
			buildSettings = {
				ALWAYS_SEARCH_USER_PATHS = NO;
				ASSETCATALOG_COMPILER_APPICON_NAME = AppIcon;
				ASSETCATALOG_COMPILER_GLOBAL_ACCENT_COLOR_NAME = AccentColor;
				CLANG_ANALYZER_NONNULL = YES;
				CLANG_ANALYZER_NUMBER_OBJECT_CONVERSION = YES_AGGRESSIVE;
				CLANG_CXX_LANGUAGE_STANDARD = "gnu++14";
				CLANG_CXX_LIBRARY = "libc++";
				CLANG_ENABLE_MODULES = YES;
				CLANG_ENABLE_OBJC_ARC = YES;
				CLANG_ENABLE_OBJC_WEAK = YES;
				CLANG_WARN_BLOCK_CAPTURE_AUTORELEASING = YES;
				CLANG_WARN_BOOL_CONVERSION = YES;
				CLANG_WARN_COMMA = YES;
				CLANG_WARN_CONSTANT_CONVERSION = YES;
				CLANG_WARN_DEPRECATED_OBJC_IMPLEMENTATIONS = YES;
				CLANG_WARN_DIRECT_OBJC_ISA_USAGE = YES_ERROR;
				CLANG_WARN_DOCUMENTATION_COMMENTS = YES;
				CLANG_WARN_EMPTY_BODY = YES;
				CLANG_WARN_ENUM_CONVERSION = YES;
				CLANG_WARN_INFINITE_RECURSION = YES;
				CLANG_WARN_INT_CONVERSION = YES;
				CLANG_WARN_NON_LITERAL_NULL_CONVERSION = YES;
				CLANG_WARN_OBJC_IMPLICIT_RETAIN_SELF = YES;
				CLANG_WARN_OBJC_LITERAL_CONVERSION = YES;
				CLANG_WARN_OBJC_ROOT_CLASS = YES_ERROR;
				CLANG_WARN_QUOTED_INCLUDE_IN_FRAMEWORK_HEADER = YES;
				CLANG_WARN_RANGE_LOOP_ANALYSIS = YES;
				CLANG_WARN_STRICT_PROTOTYPES = YES;
				CLANG_WARN_SUSPICIOUS_MOVE = YES;
				CLANG_WARN_UNGUARDED_AVAILABILITY = YES_AGGRESSIVE;
				CLANG_WARN_UNREACHABLE_CODE = YES;
				CLANG_WARN__DUPLICATE_METHOD_MATCH = YES;
				CODE_SIGN_STYLE = Automatic;
				COPY_PHASE_STRIP = NO;
				CURRENT_PROJECT_VERSION = 1;
				DEBUG_INFORMATION_FORMAT = dwarf;
				DEVELOPMENT_TEAM = CL6XWJCS9R;
				ENABLE_STRICT_OBJC_MSGSEND = YES;
				ENABLE_TESTABILITY = YES;
				GCC_C_LANGUAGE_STANDARD = gnu11;
				GCC_DYNAMIC_NO_PIC = NO;
				GCC_NO_COMMON_BLOCKS = YES;
				GCC_OPTIMIZATION_LEVEL = 0;
				GCC_PREPROCESSOR_DEFINITIONS = (
					"$(inherited)",
					"DEBUG=1",
				);
				GCC_WARN_64_TO_32_BIT_CONVERSION = YES;
				GCC_WARN_ABOUT_RETURN_TYPE = YES_ERROR;
				GCC_WARN_UNDECLARED_SELECTOR = YES;
				GCC_WARN_UNINITIALIZED_AUTOS = YES_AGGRESSIVE;
				GCC_WARN_UNUSED_FUNCTION = YES;
				GCC_WARN_UNUSED_VARIABLE = YES;
				INFOPLIST_KEY_NSCameraUsageDescription = "Trueframe captures photos when you cover the proximity sensor";
				INFOPLIST_KEY_NSMotionUsageDescription = "Motion data helps select the right camera and adjust capture timing";
				INFOPLIST_KEY_NSPhotoLibraryAddUsageDescription = "Photos are saved to your Camera Roll";
				INFOPLIST_KEY_UIApplicationSceneManifest_Generation = YES;
				INFOPLIST_KEY_UILaunchScreen_Generation = YES;
				INFOPLIST_KEY_UIStatusBarStyle = UIStatusBarStyleLightContent;
				INFOPLIST_KEY_UISupportedInterfaceOrientations = UIInterfaceOrientationPortrait;
				IPHONEOS_DEPLOYMENT_TARGET = 17.0;
				MARKETING_VERSION = 1.0;
				MTL_ENABLE_DEBUG_INFO = INCLUDE_SOURCE;
				MTL_FAST_MATH = YES;
				ONLY_ACTIVE_ARCH = YES;
				PRODUCT_NAME = "$(TARGET_NAME)";
				SDKROOT = iphoneos;
				SWIFT_ACTIVE_COMPILATION_CONDITIONS = DEBUG;
				SWIFT_OPTIMIZATION_LEVEL = "-Onone";
				SWIFT_VERSION = 5.9;
				TARGETED_DEVICE_FAMILY = 1;
			};
			name = Debug;
		};
/* End XCBuildConfiguration section */

/* Begin XCConfigurationList section */
		40C7811355AAF507C714E5DC /* Build configuration list for PBXNativeTarget "Trueframe" */ = {
			isa = XCConfigurationList;
			buildConfigurations = (
				1A60EA726617D6B786DFB5FB /* Debug */,
				EBA57C1F425020F34732EBED /* Release */,
			);
			defaultConfigurationIsVisible = 0;
			defaultConfigurationName = Debug;
		};
		726E10C91CCBC69F2F7A6A16 /* Build configuration list for PBXNativeTarget "TrueframeTests" */ = {
			isa = XCConfigurationList;
			buildConfigurations = (
				C95A33F78F8A35A8BFC08B81 /* Debug */,
				6B0ACAC1A806E05369E2908D /* Release */,
			);
			defaultConfigurationIsVisible = 0;
			defaultConfigurationName = Debug;
		};
		DEB177E90C094C668C67F510 /* Build configuration list for PBXProject "Trueframe" */ = {
			isa = XCConfigurationList;
			buildConfigurations = (
				EC4EA8FC2FE08965BCACA6A6 /* Debug */,
				4698DDD60C77CDA0AA72EA93 /* Release */,
			);
			defaultConfigurationIsVisible = 0;
			defaultConfigurationName = Debug;
		};
/* End XCConfigurationList section */
	};
	rootObject = 0382C168A611CC61B3B18C69 /* Project object */;
}
